// !$*UTF8*$!
{
	archiveVersion = 1;
	classes = {
	};
	objectVersion = 56;
	objects = {

/* Begin PBXBuildFile section */
		630C11982A9344C50007832B /* WidgetKit.framework in Frameworks */ = {isa = PBXBuildFile; fileRef = 630C11972A9344C50007832B /* WidgetKit.framework */; };
		630C119A2A9344C50007832B /* SwiftUI.framework in Frameworks */ = {isa = PBXBuildFile; fileRef = 630C11992A9344C50007832B /* SwiftUI.framework */; };
		630C119D2A9344C50007832B /* FancyBundle.swift in Sources */ = {isa = PBXBuildFile; fileRef = 630C119C2A9344C50007832B /* FancyBundle.swift */; };
		630C119F2A9344C50007832B /* FancyLiveActivity.swift in Sources */ = {isa = PBXBuildFile; fileRef = 630C119E2A9344C50007832B /* FancyLiveActivity.swift */; };
		630C11A12A9344C50007832B /* Fancy.swift in Sources */ = {isa = PBXBuildFile; fileRef = 630C11A02A9344C50007832B /* Fancy.swift */; };
		630C11A42A9344C70007832B /* Assets.xcassets in Resources */ = {isa = PBXBuildFile; fileRef = 630C11A32A9344C70007832B /* Assets.xcassets */; };
		630C11A62A9344C70007832B /* Fancy.intentdefinition in Sources */ = {isa = PBXBuildFile; fileRef = 630C11A22A9344C60007832B /* Fancy.intentdefinition */; };
		630C11A72A9344C70007832B /* Fancy.intentdefinition in Sources */ = {isa = PBXBuildFile; fileRef = 630C11A22A9344C60007832B /* Fancy.intentdefinition */; };
		630C11AA2A9344C70007832B /* FancyExtension.appex in Embed Foundation Extensions */ = {isa = PBXBuildFile; fileRef = 630C11962A9344C50007832B /* FancyExtension.appex */; settings = {ATTRIBUTES = (RemoveHeadersOnCopy, ); }; };
		632E39CD2AEF996D003304B2 /* Clock.swift in Sources */ = {isa = PBXBuildFile; fileRef = 632E39CC2AEF996D003304B2 /* Clock.swift */; };
		6349145F29FBA30A0036E482 /* Apollo11App.swift in Sources */ = {isa = PBXBuildFile; fileRef = 6349145E29FBA30A0036E482 /* Apollo11App.swift */; };
		6349146329FBA30B0036E482 /* Assets.xcassets in Resources */ = {isa = PBXBuildFile; fileRef = 6349146229FBA30B0036E482 /* Assets.xcassets */; };
		6349146729FBA30B0036E482 /* Preview Assets.xcassets in Resources */ = {isa = PBXBuildFile; fileRef = 6349146629FBA30B0036E482 /* Preview Assets.xcassets */; };
		636A68202A5BFE0B00F38251 /* App in Frameworks */ = {isa = PBXBuildFile; productRef = 636A681F2A5BFE0B00F38251 /* App */; };
		63C3FD052B352F0C00581B11 /* Widget in Frameworks */ = {isa = PBXBuildFile; productRef = 63C3FD042B352F0C00581B11 /* Widget */; };
		63D0ED822C05CA490083C7F2 /* Network.swift in Sources */ = {isa = PBXBuildFile; fileRef = 63D0ED812C05CA490083C7F2 /* Network.swift */; };
		63D0ED842C05CAFC0083C7F2 /* QuoteResItem.swift in Sources */ = {isa = PBXBuildFile; fileRef = 63D0ED832C05CAFC0083C7F2 /* QuoteResItem.swift */; };
/* End PBXBuildFile section */

/* Begin PBXContainerItemProxy section */
		630C11A82A9344C70007832B /* PBXContainerItemProxy */ = {
			isa = PBXContainerItemProxy;
			containerPortal = 6349145329FBA30A0036E482 /* Project object */;
			proxyType = 1;
			remoteGlobalIDString = 630C11952A9344C50007832B;
			remoteInfo = FancyExtension;
		};
/* End PBXContainerItemProxy section */

/* Begin PBXCopyFilesBuildPhase section */
		630C11AB2A9344C70007832B /* Embed Foundation Extensions */ = {
			isa = PBXCopyFilesBuildPhase;
			buildActionMask = 2147483647;
			dstPath = "";
			dstSubfolderSpec = 13;
			files = (
				630C11AA2A9344C70007832B /* FancyExtension.appex in Embed Foundation Extensions */,
			);
			name = "Embed Foundation Extensions";
			runOnlyForDeploymentPostprocessing = 0;
		};
/* End PBXCopyFilesBuildPhase section */

/* Begin PBXFileReference section */
		630C11962A9344C50007832B /* FancyExtension.appex */ = {isa = PBXFileReference; explicitFileType = "wrapper.app-extension"; includeInIndex = 0; path = FancyExtension.appex; sourceTree = BUILT_PRODUCTS_DIR; };
		630C11972A9344C50007832B /* WidgetKit.framework */ = {isa = PBXFileReference; lastKnownFileType = wrapper.framework; name = WidgetKit.framework; path = System/Library/Frameworks/WidgetKit.framework; sourceTree = SDKROOT; };
		630C11992A9344C50007832B /* SwiftUI.framework */ = {isa = PBXFileReference; lastKnownFileType = wrapper.framework; name = SwiftUI.framework; path = System/Library/Frameworks/SwiftUI.framework; sourceTree = SDKROOT; };
		630C119C2A9344C50007832B /* FancyBundle.swift */ = {isa = PBXFileReference; lastKnownFileType = sourcecode.swift; path = FancyBundle.swift; sourceTree = "<group>"; };
		630C119E2A9344C50007832B /* FancyLiveActivity.swift */ = {isa = PBXFileReference; lastKnownFileType = sourcecode.swift; path = FancyLiveActivity.swift; sourceTree = "<group>"; };
		630C11A02A9344C50007832B /* Fancy.swift */ = {isa = PBXFileReference; lastKnownFileType = sourcecode.swift; path = Fancy.swift; sourceTree = "<group>"; };
		630C11A22A9344C60007832B /* Fancy.intentdefinition */ = {isa = PBXFileReference; lastKnownFileType = file.intentdefinition; path = Fancy.intentdefinition; sourceTree = "<group>"; };
		630C11A32A9344C70007832B /* Assets.xcassets */ = {isa = PBXFileReference; lastKnownFileType = folder.assetcatalog; path = Assets.xcassets; sourceTree = "<group>"; };
		630C11A52A9344C70007832B /* Info.plist */ = {isa = PBXFileReference; lastKnownFileType = text.plist.xml; path = Info.plist; sourceTree = "<group>"; };
		632E39CC2AEF996D003304B2 /* Clock.swift */ = {isa = PBXFileReference; lastKnownFileType = sourcecode.swift; path = Clock.swift; sourceTree = "<group>"; };
		6349145B29FBA30A0036E482 /* Apollo11.app */ = {isa = PBXFileReference; explicitFileType = wrapper.application; includeInIndex = 0; path = Apollo11.app; sourceTree = BUILT_PRODUCTS_DIR; };
		6349145E29FBA30A0036E482 /* Apollo11App.swift */ = {isa = PBXFileReference; lastKnownFileType = sourcecode.swift; path = Apollo11App.swift; sourceTree = "<group>"; };
		6349146229FBA30B0036E482 /* Assets.xcassets */ = {isa = PBXFileReference; lastKnownFileType = folder.assetcatalog; path = Assets.xcassets; sourceTree = "<group>"; };
		6349146429FBA30B0036E482 /* Apollo11.entitlements */ = {isa = PBXFileReference; lastKnownFileType = text.plist.entitlements; path = Apollo11.entitlements; sourceTree = "<group>"; };
		6349146629FBA30B0036E482 /* Preview Assets.xcassets */ = {isa = PBXFileReference; lastKnownFileType = folder.assetcatalog; path = "Preview Assets.xcassets"; sourceTree = "<group>"; };
		636A681E2A5BFC2100F38251 /* App */ = {isa = PBXFileReference; lastKnownFileType = wrapper; path = App; sourceTree = "<group>"; };
		63D0ED812C05CA490083C7F2 /* Network.swift */ = {isa = PBXFileReference; lastKnownFileType = sourcecode.swift; path = Network.swift; sourceTree = "<group>"; };
		63D0ED832C05CAFC0083C7F2 /* QuoteResItem.swift */ = {isa = PBXFileReference; lastKnownFileType = sourcecode.swift; path = QuoteResItem.swift; sourceTree = "<group>"; };
		63D0ED872C05EC970083C7F2 /* FancyExtension.entitlements */ = {isa = PBXFileReference; lastKnownFileType = text.plist.entitlements; path = FancyExtension.entitlements; sourceTree = "<group>"; };
/* End PBXFileReference section */

/* Begin PBXFrameworksBuildPhase section */
		630C11932A9344C50007832B /* Frameworks */ = {
			isa = PBXFrameworksBuildPhase;
			buildActionMask = 2147483647;
			files = (
				630C119A2A9344C50007832B /* SwiftUI.framework in Frameworks */,
				63C3FD052B352F0C00581B11 /* Widget in Frameworks */,
				630C11982A9344C50007832B /* WidgetKit.framework in Frameworks */,
			);
			runOnlyForDeploymentPostprocessing = 0;
		};
		6349145829FBA30A0036E482 /* Frameworks */ = {
			isa = PBXFrameworksBuildPhase;
			buildActionMask = 2147483647;
			files = (
				636A68202A5BFE0B00F38251 /* App in Frameworks */,
			);
			runOnlyForDeploymentPostprocessing = 0;
		};
/* End PBXFrameworksBuildPhase section */

/* Begin PBXGroup section */
		630C119B2A9344C50007832B /* Fancy */ = {
			isa = PBXGroup;
			children = (
				630C119C2A9344C50007832B /* FancyBundle.swift */,
				630C119E2A9344C50007832B /* FancyLiveActivity.swift */,
				630C11A02A9344C50007832B /* Fancy.swift */,
				632E39CC2AEF996D003304B2 /* Clock.swift */,
				63D0ED812C05CA490083C7F2 /* Network.swift */,
				63D0ED832C05CAFC0083C7F2 /* QuoteResItem.swift */,
				630C11A22A9344C60007832B /* Fancy.intentdefinition */,
				630C11A32A9344C70007832B /* Assets.xcassets */,
				63D0ED872C05EC970083C7F2 /* FancyExtension.entitlements */,
				630C11A52A9344C70007832B /* Info.plist */,
			);
			path = Fancy;
			sourceTree = "<group>";
		};
		6349145229FBA30A0036E482 = {
			isa = PBXGroup;
			children = (
				636A681E2A5BFC2100F38251 /* App */,
				6349145D29FBA30A0036E482 /* Apollo11 */,
				630C119B2A9344C50007832B /* Fancy */,
				6349145C29FBA30A0036E482 /* Products */,
				63ABB3C32A56790F00273680 /* Frameworks */,
			);
			sourceTree = "<group>";
		};
		6349145C29FBA30A0036E482 /* Products */ = {
			isa = PBXGroup;
			children = (
				6349145B29FBA30A0036E482 /* Apollo11.app */,
				630C11962A9344C50007832B /* FancyExtension.appex */,
			);
			name = Products;
			sourceTree = "<group>";
		};
		6349145D29FBA30A0036E482 /* Apollo11 */ = {
			isa = PBXGroup;
			children = (
				6349145E29FBA30A0036E482 /* Apollo11App.swift */,
				6349146229FBA30B0036E482 /* Assets.xcassets */,
				6349146429FBA30B0036E482 /* Apollo11.entitlements */,
				6349146529FBA30B0036E482 /* Preview Content */,
			);
			path = Apollo11;
			sourceTree = "<group>";
		};
		6349146529FBA30B0036E482 /* Preview Content */ = {
			isa = PBXGroup;
			children = (
				6349146629FBA30B0036E482 /* Preview Assets.xcassets */,
			);
			path = "Preview Content";
			sourceTree = "<group>";
		};
		63ABB3C32A56790F00273680 /* Frameworks */ = {
			isa = PBXGroup;
			children = (
				630C11972A9344C50007832B /* WidgetKit.framework */,
				630C11992A9344C50007832B /* SwiftUI.framework */,
			);
			name = Frameworks;
			sourceTree = "<group>";
		};
/* End PBXGroup section */

/* Begin PBXNativeTarget section */
		630C11952A9344C50007832B /* FancyExtension */ = {
			isa = PBXNativeTarget;
			buildConfigurationList = 630C11AE2A9344C70007832B /* Build configuration list for PBXNativeTarget "FancyExtension" */;
			buildPhases = (
				630C11922A9344C50007832B /* Sources */,
				630C11932A9344C50007832B /* Frameworks */,
				630C11942A9344C50007832B /* Resources */,
			);
			buildRules = (
			);
			dependencies = (
			);
			name = FancyExtension;
			packageProductDependencies = (
				63C3FD042B352F0C00581B11 /* Widget */,
			);
			productName = FancyExtension;
			productReference = 630C11962A9344C50007832B /* FancyExtension.appex */;
			productType = "com.apple.product-type.app-extension";
		};
		6349145A29FBA30A0036E482 /* Apollo11 */ = {
			isa = PBXNativeTarget;
			buildConfigurationList = 6349146A29FBA30B0036E482 /* Build configuration list for PBXNativeTarget "Apollo11" */;
			buildPhases = (
				6349145729FBA30A0036E482 /* Sources */,
				6349145829FBA30A0036E482 /* Frameworks */,
				6349145929FBA30A0036E482 /* Resources */,
				630C11AB2A9344C70007832B /* Embed Foundation Extensions */,
			);
			buildRules = (
			);
			dependencies = (
				630C11A92A9344C70007832B /* PBXTargetDependency */,
			);
			name = Apollo11;
			packageProductDependencies = (
				636A681F2A5BFE0B00F38251 /* App */,
			);
			productName = Apollo11;
			productReference = 6349145B29FBA30A0036E482 /* Apollo11.app */;
			productType = "com.apple.product-type.application";
		};
/* End PBXNativeTarget section */

/* Begin PBXProject section */
		6349145329FBA30A0036E482 /* Project object */ = {
			isa = PBXProject;
			attributes = {
				BuildIndependentTargetsInParallel = 1;
				LastSwiftUpdateCheck = 1420;
				LastUpgradeCheck = 1500;
				TargetAttributes = {
					630C11952A9344C50007832B = {
						CreatedOnToolsVersion = 14.2;
					};
					6349145A29FBA30A0036E482 = {
						CreatedOnToolsVersion = 14.2;
					};
				};
			};
			buildConfigurationList = 6349145629FBA30A0036E482 /* Build configuration list for PBXProject "Apollo11" */;
			compatibilityVersion = "Xcode 14.0";
			developmentRegion = en;
			hasScannedForEncodings = 0;
			knownRegions = (
				en,
				Base,
			);
			mainGroup = 6349145229FBA30A0036E482;
			packageReferences = (
			);
			productRefGroup = 6349145C29FBA30A0036E482 /* Products */;
			projectDirPath = "";
			projectRoot = "";
			targets = (
				6349145A29FBA30A0036E482 /* Apollo11 */,
				630C11952A9344C50007832B /* FancyExtension */,
			);
		};
/* End PBXProject section */

/* Begin PBXResourcesBuildPhase section */
		630C11942A9344C50007832B /* Resources */ = {
			isa = PBXResourcesBuildPhase;
			buildActionMask = 2147483647;
			files = (
				630C11A42A9344C70007832B /* Assets.xcassets in Resources */,
			);
			runOnlyForDeploymentPostprocessing = 0;
		};
		6349145929FBA30A0036E482 /* Resources */ = {
			isa = PBXResourcesBuildPhase;
			buildActionMask = 2147483647;
			files = (
				6349146729FBA30B0036E482 /* Preview Assets.xcassets in Resources */,
				6349146329FBA30B0036E482 /* Assets.xcassets in Resources */,
			);
			runOnlyForDeploymentPostprocessing = 0;
		};
/* End PBXResourcesBuildPhase section */

/* Begin PBXSourcesBuildPhase section */
		630C11922A9344C50007832B /* Sources */ = {
			isa = PBXSourcesBuildPhase;
			buildActionMask = 2147483647;
			files = (
				630C11A62A9344C70007832B /* Fancy.intentdefinition in Sources */,
				630C11A12A9344C50007832B /* Fancy.swift in Sources */,
				630C119F2A9344C50007832B /* FancyLiveActivity.swift in Sources */,
				630C119D2A9344C50007832B /* FancyBundle.swift in Sources */,
				632E39CD2AEF996D003304B2 /* Clock.swift in Sources */,
				63D0ED842C05CAFC0083C7F2 /* QuoteResItem.swift in Sources */,
				63D0ED822C05CA490083C7F2 /* Network.swift in Sources */,
			);
			runOnlyForDeploymentPostprocessing = 0;
		};
		6349145729FBA30A0036E482 /* Sources */ = {
			isa = PBXSourcesBuildPhase;
			buildActionMask = 2147483647;
			files = (
				630C11A72A9344C70007832B /* Fancy.intentdefinition in Sources */,
				6349145F29FBA30A0036E482 /* Apollo11App.swift in Sources */,
			);
			runOnlyForDeploymentPostprocessing = 0;
		};
/* End PBXSourcesBuildPhase section */

/* Begin PBXTargetDependency section */
		630C11A92A9344C70007832B /* PBXTargetDependency */ = {
			isa = PBXTargetDependency;
			target = 630C11952A9344C50007832B /* FancyExtension */;
			targetProxy = 630C11A82A9344C70007832B /* PBXContainerItemProxy */;
		};
/* End PBXTargetDependency section */

/* Begin XCBuildConfiguration section */
		630C11AC2A9344C70007832B /* Debug */ = {
			isa = XCBuildConfiguration;
			buildSettings = {
				ASSETCATALOG_COMPILER_GLOBAL_ACCENT_COLOR_NAME = AccentColor;
				ASSETCATALOG_COMPILER_WIDGET_BACKGROUND_COLOR_NAME = WidgetBackground;
				CODE_SIGN_ENTITLEMENTS = "$(SRCROOT)/Fancy/FancyExtension.entitlements";
				CODE_SIGN_STYLE = Automatic;
				CURRENT_PROJECT_VERSION = 1;
				DEVELOPMENT_TEAM = 78X6FL4YJY;
				GENERATE_INFOPLIST_FILE = YES;
				INFOPLIST_FILE = Fancy/Info.plist;
				INFOPLIST_KEY_CFBundleDisplayName = Fancy;
				INFOPLIST_KEY_NSHumanReadableCopyright = "";
				IPHONEOS_DEPLOYMENT_TARGET = 17.0;
				LD_RUNPATH_SEARCH_PATHS = (
					"$(inherited)",
					"@executable_path/Frameworks",
					"@executable_path/../../Frameworks",
				);
				MARKETING_VERSION = 1.0;
				PRODUCT_BUNDLE_IDENTIFIER = com.person.Apollo11.Fancy;
				PRODUCT_NAME = "$(TARGET_NAME)";
				SDKROOT = iphoneos;
				SKIP_INSTALL = YES;
				SWIFT_EMIT_LOC_STRINGS = YES;
				SWIFT_VERSION = 5.0;
				TARGETED_DEVICE_FAMILY = "1,2";
			};
			name = Debug;
		};
		630C11AD2A9344C70007832B /* Release */ = {
			isa = XCBuildConfiguration;
			buildSettings = {
				ASSETCATALOG_COMPILER_GLOBAL_ACCENT_COLOR_NAME = AccentColor;
				ASSETCATALOG_COMPILER_WIDGET_BACKGROUND_COLOR_NAME = WidgetBackground;
				CODE_SIGN_ENTITLEMENTS = "$(SRCROOT)/Fancy/FancyExtension.entitlements";
				CODE_SIGN_STYLE = Automatic;
				CURRENT_PROJECT_VERSION = 1;
				DEVELOPMENT_TEAM = 78X6FL4YJY;
				GENERATE_INFOPLIST_FILE = YES;
				INFOPLIST_FILE = Fancy/Info.plist;
				INFOPLIST_KEY_CFBundleDisplayName = Fancy;
				INFOPLIST_KEY_NSHumanReadableCopyright = "";
				IPHONEOS_DEPLOYMENT_TARGET = 17.0;
				LD_RUNPATH_SEARCH_PATHS = (
					"$(inherited)",
					"@executable_path/Frameworks",
					"@executable_path/../../Frameworks",
				);
				MARKETING_VERSION = 1.0;
				PRODUCT_BUNDLE_IDENTIFIER = com.person.Apollo11.Fancy;
				PRODUCT_NAME = "$(TARGET_NAME)";
				SDKROOT = iphoneos;
				SKIP_INSTALL = YES;
				SWIFT_EMIT_LOC_STRINGS = YES;
				SWIFT_VERSION = 5.0;
				TARGETED_DEVICE_FAMILY = "1,2";
				VALIDATE_PRODUCT = YES;
			};
			name = Release;
		};
		6349146829FBA30B0036E482 /* Debug */ = {
			isa = XCBuildConfiguration;
			buildSettings = {
				ALWAYS_SEARCH_USER_PATHS = NO;
				ASSETCATALOG_COMPILER_GENERATE_SWIFT_ASSET_SYMBOL_EXTENSIONS = YES;
				CLANG_ANALYZER_NONNULL = YES;
				CLANG_ANALYZER_NUMBER_OBJECT_CONVERSION = YES_AGGRESSIVE;
				CLANG_CXX_LANGUAGE_STANDARD = "gnu++20";
				CLANG_ENABLE_MODULES = YES;
				CLANG_ENABLE_OBJC_ARC = YES;
				CLANG_ENABLE_OBJC_WEAK = YES;
				CLANG_WARN_BLOCK_CAPTURE_AUTORELEASING = YES;
				CLANG_WARN_BOOL_CONVERSION = YES;
				CLANG_WARN_COMMA = YES;
				CLANG_WARN_CONSTANT_CONVERSION = YES;
				CLANG_WARN_DEPRECATED_OBJC_IMPLEMENTATIONS = YES;
				CLANG_WARN_DIRECT_OBJC_ISA_USAGE = YES_ERROR;
				CLANG_WARN_DOCUMENTATION_COMMENTS = YES;
				CLANG_WARN_EMPTY_BODY = YES;
				CLANG_WARN_ENUM_CONVERSION = YES;
				CLANG_WARN_INFINITE_RECURSION = YES;
				CLANG_WARN_INT_CONVERSION = YES;
				CLANG_WARN_NON_LITERAL_NULL_CONVERSION = YES;
				CLANG_WARN_OBJC_IMPLICIT_RETAIN_SELF = YES;
				CLANG_WARN_OBJC_LITERAL_CONVERSION = YES;
				CLANG_WARN_OBJC_ROOT_CLASS = YES_ERROR;
				CLANG_WARN_QUOTED_INCLUDE_IN_FRAMEWORK_HEADER = YES;
				CLANG_WARN_RANGE_LOOP_ANALYSIS = YES;
				CLANG_WARN_STRICT_PROTOTYPES = YES;
				CLANG_WARN_SUSPICIOUS_MOVE = YES;
				CLANG_WARN_UNGUARDED_AVAILABILITY = YES_AGGRESSIVE;
				CLANG_WARN_UNREACHABLE_CODE = YES;
				CLANG_WARN__DUPLICATE_METHOD_MATCH = YES;
				COPY_PHASE_STRIP = NO;
				DEAD_CODE_STRIPPING = YES;
				DEBUG_INFORMATION_FORMAT = dwarf;
				ENABLE_STRICT_OBJC_MSGSEND = YES;
				ENABLE_TESTABILITY = YES;
				ENABLE_USER_SCRIPT_SANDBOXING = YES;
				GCC_C_LANGUAGE_STANDARD = gnu11;
				GCC_DYNAMIC_NO_PIC = NO;
				GCC_NO_COMMON_BLOCKS = YES;
				GCC_OPTIMIZATION_LEVEL = 0;
				GCC_PREPROCESSOR_DEFINITIONS = (
					"DEBUG=1",
					"$(inherited)",
				);
				GCC_WARN_64_TO_32_BIT_CONVERSION = YES;
				GCC_WARN_ABOUT_RETURN_TYPE = YES_ERROR;
				GCC_WARN_UNDECLARED_SELECTOR = YES;
				GCC_WARN_UNINITIALIZED_AUTOS = YES_AGGRESSIVE;
				GCC_WARN_UNUSED_FUNCTION = YES;
				GCC_WARN_UNUSED_VARIABLE = YES;
				MTL_ENABLE_DEBUG_INFO = INCLUDE_SOURCE;
				MTL_FAST_MATH = YES;
				ONLY_ACTIVE_ARCH = YES;
				SWIFT_ACTIVE_COMPILATION_CONDITIONS = DEBUG;
				SWIFT_OPTIMIZATION_LEVEL = "-Onone";
			};
			name = Debug;
		};
		6349146929FBA30B0036E482 /* Release */ = {
			isa = XCBuildConfiguration;
			buildSettings = {
				ALWAYS_SEARCH_USER_PATHS = NO;
				ASSETCATALOG_COMPILER_GENERATE_SWIFT_ASSET_SYMBOL_EXTENSIONS = YES;
				CLANG_ANALYZER_NONNULL = YES;
				CLANG_ANALYZER_NUMBER_OBJECT_CONVERSION = YES_AGGRESSIVE;
				CLANG_CXX_LANGUAGE_STANDARD = "gnu++20";
				CLANG_ENABLE_MODULES = YES;
				CLANG_ENABLE_OBJC_ARC = YES;
				CLANG_ENABLE_OBJC_WEAK = YES;
				CLANG_WARN_BLOCK_CAPTURE_AUTORELEASING = YES;
				CLANG_WARN_BOOL_CONVERSION = YES;
				CLANG_WARN_COMMA = YES;
				CLANG_WARN_CONSTANT_CONVERSION = YES;
				CLANG_WARN_DEPRECATED_OBJC_IMPLEMENTATIONS = YES;
				CLANG_WARN_DIRECT_OBJC_ISA_USAGE = YES_ERROR;
				CLANG_WARN_DOCUMENTATION_COMMENTS = YES;
				CLANG_WARN_EMPTY_BODY = YES;
				CLANG_WARN_ENUM_CONVERSION = YES;
				CLANG_WARN_INFINITE_RECURSION = YES;
				CLANG_WARN_INT_CONVERSION = YES;
				CLANG_WARN_NON_LITERAL_NULL_CONVERSION = YES;
				CLANG_WARN_OBJC_IMPLICIT_RETAIN_SELF = YES;
				CLANG_WARN_OBJC_LITERAL_CONVERSION = YES;
				CLANG_WARN_OBJC_ROOT_CLASS = YES_ERROR;
				CLANG_WARN_QUOTED_INCLUDE_IN_FRAMEWORK_HEADER = YES;
				CLANG_WARN_RANGE_LOOP_ANALYSIS = YES;
				CLANG_WARN_STRICT_PROTOTYPES = YES;
				CLANG_WARN_SUSPICIOUS_MOVE = YES;
				CLANG_WARN_UNGUARDED_AVAILABILITY = YES_AGGRESSIVE;
				CLANG_WARN_UNREACHABLE_CODE = YES;
				CLANG_WARN__DUPLICATE_METHOD_MATCH = YES;
				COPY_PHASE_STRIP = NO;
				DEAD_CODE_STRIPPING = YES;
				DEBUG_INFORMATION_FORMAT = "dwarf-with-dsym";
				ENABLE_NS_ASSERTIONS = NO;
				ENABLE_STRICT_OBJC_MSGSEND = YES;
				ENABLE_USER_SCRIPT_SANDBOXING = YES;
				GCC_C_LANGUAGE_STANDARD = gnu11;
				GCC_NO_COMMON_BLOCKS = YES;
				GCC_WARN_64_TO_32_BIT_CONVERSION = YES;
				GCC_WARN_ABOUT_RETURN_TYPE = YES_ERROR;
				GCC_WARN_UNDECLARED_SELECTOR = YES;
				GCC_WARN_UNINITIALIZED_AUTOS = YES_AGGRESSIVE;
				GCC_WARN_UNUSED_FUNCTION = YES;
				GCC_WARN_UNUSED_VARIABLE = YES;
				MTL_ENABLE_DEBUG_INFO = NO;
				MTL_FAST_MATH = YES;
				SWIFT_COMPILATION_MODE = wholemodule;
				SWIFT_OPTIMIZATION_LEVEL = "-O";
			};
			name = Release;
		};
		6349146B29FBA30B0036E482 /* Debug */ = {
			isa = XCBuildConfiguration;
			buildSettings = {
				ALWAYS_EMBED_SWIFT_STANDARD_LIBRARIES = YES;
				ASSETCATALOG_COMPILER_APPICON_NAME = AppIcon;
				ASSETCATALOG_COMPILER_GLOBAL_ACCENT_COLOR_NAME = AccentColor;
				CODE_SIGN_ENTITLEMENTS = Apollo11/Apollo11.entitlements;
				CODE_SIGN_STYLE = Automatic;
				CURRENT_PROJECT_VERSION = 1;
				DEAD_CODE_STRIPPING = YES;
				DEVELOPMENT_ASSET_PATHS = "\"Apollo11/Preview Content\"";
				DEVELOPMENT_TEAM = 78X6FL4YJY;
				ENABLE_HARDENED_RUNTIME = YES;
				ENABLE_PREVIEWS = YES;
				GENERATE_INFOPLIST_FILE = YES;
				"INFOPLIST_KEY_UIApplicationSceneManifest_Generation[sdk=iphoneos*]" = YES;
				"INFOPLIST_KEY_UIApplicationSceneManifest_Generation[sdk=iphonesimulator*]" = YES;
				"INFOPLIST_KEY_UIApplicationSupportsIndirectInputEvents[sdk=iphoneos*]" = YES;
				"INFOPLIST_KEY_UIApplicationSupportsIndirectInputEvents[sdk=iphonesimulator*]" = YES;
				"INFOPLIST_KEY_UILaunchScreen_Generation[sdk=iphoneos*]" = YES;
				"INFOPLIST_KEY_UILaunchScreen_Generation[sdk=iphonesimulator*]" = YES;
				"INFOPLIST_KEY_UIStatusBarStyle[sdk=iphoneos*]" = UIStatusBarStyleDefault;
				"INFOPLIST_KEY_UIStatusBarStyle[sdk=iphonesimulator*]" = UIStatusBarStyleDefault;
				INFOPLIST_KEY_UISupportedInterfaceOrientations_iPad = "UIInterfaceOrientationPortrait UIInterfaceOrientationPortraitUpsideDown UIInterfaceOrientationLandscapeLeft UIInterfaceOrientationLandscapeRight";
				INFOPLIST_KEY_UISupportedInterfaceOrientations_iPhone = "UIInterfaceOrientationPortrait UIInterfaceOrientationLandscapeLeft UIInterfaceOrientationLandscapeRight";
				IPHONEOS_DEPLOYMENT_TARGET = 17.0;
				LD_RUNPATH_SEARCH_PATHS = "@executable_path/Frameworks";
				"LD_RUNPATH_SEARCH_PATHS[sdk=macosx*]" = "@executable_path/../Frameworks";
				MACOSX_DEPLOYMENT_TARGET = 13.1;
				MARKETING_VERSION = 1.0;
				OTHER_SWIFT_FLAGS = "";
				PRODUCT_BUNDLE_IDENTIFIER = com.person.Apollo11;
				PRODUCT_NAME = "$(TARGET_NAME)";
				SDKROOT = auto;
				SUPPORTED_PLATFORMS = "iphoneos iphonesimulator macosx";
				SWIFT_EMIT_LOC_STRINGS = YES;
				SWIFT_VERSION = 5.0;
				TARGETED_DEVICE_FAMILY = "1,2";
			};
			name = Debug;
		};
		6349146C29FBA30B0036E482 /* Release */ = {
			isa = XCBuildConfiguration;
			buildSettings = {
				ALWAYS_EMBED_SWIFT_STANDARD_LIBRARIES = YES;
				ASSETCATALOG_COMPILER_APPICON_NAME = AppIcon;
				ASSETCATALOG_COMPILER_GLOBAL_ACCENT_COLOR_NAME = AccentColor;
				CODE_SIGN_ENTITLEMENTS = Apollo11/Apollo11.entitlements;
				CODE_SIGN_STYLE = Automatic;
				CURRENT_PROJECT_VERSION = 1;
				DEAD_CODE_STRIPPING = YES;
				DEVELOPMENT_ASSET_PATHS = "\"Apollo11/Preview Content\"";
				DEVELOPMENT_TEAM = 78X6FL4YJY;
				ENABLE_HARDENED_RUNTIME = YES;
				ENABLE_PREVIEWS = YES;
				GENERATE_INFOPLIST_FILE = YES;
				"INFOPLIST_KEY_UIApplicationSceneManifest_Generation[sdk=iphoneos*]" = YES;
				"INFOPLIST_KEY_UIApplicationSceneManifest_Generation[sdk=iphonesimulator*]" = YES;
				"INFOPLIST_KEY_UIApplicationSupportsIndirectInputEvents[sdk=iphoneos*]" = YES;
				"INFOPLIST_KEY_UIApplicationSupportsIndirectInputEvents[sdk=iphonesimulator*]" = YES;
				"INFOPLIST_KEY_UILaunchScreen_Generation[sdk=iphoneos*]" = YES;
				"INFOPLIST_KEY_UILaunchScreen_Generation[sdk=iphonesimulator*]" = YES;
				"INFOPLIST_KEY_UIStatusBarStyle[sdk=iphoneos*]" = UIStatusBarStyleDefault;
				"INFOPLIST_KEY_UIStatusBarStyle[sdk=iphonesimulator*]" = UIStatusBarStyleDefault;
				INFOPLIST_KEY_UISupportedInterfaceOrientations_iPad = "UIInterfaceOrientationPortrait UIInterfaceOrientationPortraitUpsideDown UIInterfaceOrientationLandscapeLeft UIInterfaceOrientationLandscapeRight";
				INFOPLIST_KEY_UISupportedInterfaceOrientations_iPhone = "UIInterfaceOrientationPortrait UIInterfaceOrientationLandscapeLeft UIInterfaceOrientationLandscapeRight";
				IPHONEOS_DEPLOYMENT_TARGET = 17.0;
				LD_RUNPATH_SEARCH_PATHS = "@executable_path/Frameworks";
				"LD_RUNPATH_SEARCH_PATHS[sdk=macosx*]" = "@executable_path/../Frameworks";
				MACOSX_DEPLOYMENT_TARGET = 13.1;
				MARKETING_VERSION = 1.0;
				OTHER_SWIFT_FLAGS = "";
				PRODUCT_BUNDLE_IDENTIFIER = com.person.Apollo11;
				PRODUCT_NAME = "$(TARGET_NAME)";
				SDKROOT = auto;
				SUPPORTED_PLATFORMS = "iphoneos iphonesimulator macosx";
				SWIFT_EMIT_LOC_STRINGS = YES;
				SWIFT_VERSION = 5.0;
				TARGETED_DEVICE_FAMILY = "1,2";
			};
			name = Release;
		};
/* End XCBuildConfiguration section */

/* Begin XCConfigurationList section */
		630C11AE2A9344C70007832B /* Build configuration list for PBXNativeTarget "FancyExtension" */ = {
			isa = XCConfigurationList;
			buildConfigurations = (
				630C11AC2A9344C70007832B /* Debug */,
				630C11AD2A9344C70007832B /* Release */,
			);
			defaultConfigurationIsVisible = 0;
			defaultConfigurationName = Release;
		};
		6349145629FBA30A0036E482 /* Build configuration list for PBXProject "Apollo11" */ = {
			isa = XCConfigurationList;
			buildConfigurations = (
				6349146829FBA30B0036E482 /* Debug */,
				6349146929FBA30B0036E482 /* Release */,
			);
			defaultConfigurationIsVisible = 0;
			defaultConfigurationName = Release;
		};
		6349146A29FBA30B0036E482 /* Build configuration list for PBXNativeTarget "Apollo11" */ = {
			isa = XCConfigurationList;
			buildConfigurations = (
				6349146B29FBA30B0036E482 /* Debug */,
				6349146C29FBA30B0036E482 /* Release */,
			);
			defaultConfigurationIsVisible = 0;
			defaultConfigurationName = Release;
		};
/* End XCConfigurationList section */

/* Begin XCSwiftPackageProductDependency section */
		636A681F2A5BFE0B00F38251 /* App */ = {
			isa = XCSwiftPackageProductDependency;
			productName = App;
		};
		63C3FD042B352F0C00581B11 /* Widget */ = {
			isa = XCSwiftPackageProductDependency;
			productName = Widget;
		};
/* End XCSwiftPackageProductDependency section */
	};
	rootObject = 6349145329FBA30A0036E482 /* Project object */;
}
