// !$*UTF8*$!
{
	archiveVersion = 1;
	classes = {
	};
	objectVersion = 56;
	objects = {

/* Begin PBXBuildFile section */
		6349145F29FBA30A0036E482 /* Apollo11App.swift in Sources */ = {isa = PBXBuildFile; fileRef = 6349145E29FBA30A0036E482 /* Apollo11App.swift */; };
		6349146329FBA30B0036E482 /* Assets.xcassets in Resources */ = {isa = PBXBuildFile; fileRef = 6349146229FBA30B0036E482 /* Assets.xcassets */; };
		6349146729FBA30B0036E482 /* Preview Assets.xcassets in Resources */ = {isa = PBXBuildFile; fileRef = 6349146629FBA30B0036E482 /* Preview Assets.xcassets */; };
		6349146F29FBADBD0036E482 /* ComposableArchitecture in Frameworks */ = {isa = PBXBuildFile; productRef = 6349146E29FBADBD0036E482 /* ComposableArchitecture */; };
		6349147129FBB2BF0036E482 /* HomeTabView.swift in Sources */ = {isa = PBXBuildFile; fileRef = 6349147029FBB2BF0036E482 /* HomeTabView.swift */; };
		6349147329FBB7240036E482 /* SentencePandectView.swift in Sources */ = {isa = PBXBuildFile; fileRef = 6349147229FBB7240036E482 /* SentencePandectView.swift */; };
		6349147529FBB72D0036E482 /* SettingView.swift in Sources */ = {isa = PBXBuildFile; fileRef = 6349147429FBB72D0036E482 /* SettingView.swift */; };
		634CF03D2A0A475C0011D991 /* Introspect in Frameworks */ = {isa = PBXBuildFile; productRef = 634CF03C2A0A475C0011D991 /* Introspect */; };
		634CF0402A0A5BBD0011D991 /* Colorful in Frameworks */ = {isa = PBXBuildFile; productRef = 634CF03F2A0A5BBD0011D991 /* Colorful */; };
		63CFCD882A04A4F2008C0E2F /* PastedBoardMaster.swift in Sources */ = {isa = PBXBuildFile; fileRef = 63CFCD872A04A4F2008C0E2F /* PastedBoardMaster.swift */; };
		63CFCD8A2A04A6DA008C0E2F /* SentenceRowView.swift in Sources */ = {isa = PBXBuildFile; fileRef = 63CFCD892A04A6DA008C0E2F /* SentenceRowView.swift */; };
		63CFCD8C2A04DB1B008C0E2F /* SentencePandect.swift in Sources */ = {isa = PBXBuildFile; fileRef = 63CFCD8B2A04DB1B008C0E2F /* SentencePandect.swift */; };
		63CFCD8E2A04E748008C0E2F /* SentenceRow.swift in Sources */ = {isa = PBXBuildFile; fileRef = 63CFCD8D2A04E748008C0E2F /* SentenceRow.swift */; };
		63CFCD902A04EE06008C0E2F /* SentenceDetailsView.swift in Sources */ = {isa = PBXBuildFile; fileRef = 63CFCD8F2A04EE06008C0E2F /* SentenceDetailsView.swift */; };
/* End PBXBuildFile section */

/* Begin PBXFileReference section */
		6349145B29FBA30A0036E482 /* Apollo11.app */ = {isa = PBXFileReference; explicitFileType = wrapper.application; includeInIndex = 0; path = Apollo11.app; sourceTree = BUILT_PRODUCTS_DIR; };
		6349145E29FBA30A0036E482 /* Apollo11App.swift */ = {isa = PBXFileReference; lastKnownFileType = sourcecode.swift; path = Apollo11App.swift; sourceTree = "<group>"; };
		6349146229FBA30B0036E482 /* Assets.xcassets */ = {isa = PBXFileReference; lastKnownFileType = folder.assetcatalog; path = Assets.xcassets; sourceTree = "<group>"; };
		6349146429FBA30B0036E482 /* Apollo11.entitlements */ = {isa = PBXFileReference; lastKnownFileType = text.plist.entitlements; path = Apollo11.entitlements; sourceTree = "<group>"; };
		6349146629FBA30B0036E482 /* Preview Assets.xcassets */ = {isa = PBXFileReference; lastKnownFileType = folder.assetcatalog; path = "Preview Assets.xcassets"; sourceTree = "<group>"; };
		6349147029FBB2BF0036E482 /* HomeTabView.swift */ = {isa = PBXFileReference; lastKnownFileType = sourcecode.swift; path = HomeTabView.swift; sourceTree = "<group>"; };
		6349147229FBB7240036E482 /* SentencePandectView.swift */ = {isa = PBXFileReference; lastKnownFileType = sourcecode.swift; path = SentencePandectView.swift; sourceTree = "<group>"; };
		6349147429FBB72D0036E482 /* SettingView.swift */ = {isa = PBXFileReference; lastKnownFileType = sourcecode.swift; path = SettingView.swift; sourceTree = "<group>"; };
		63CFCD872A04A4F2008C0E2F /* PastedBoardMaster.swift */ = {isa = PBXFileReference; lastKnownFileType = sourcecode.swift; path = PastedBoardMaster.swift; sourceTree = "<group>"; };
		63CFCD892A04A6DA008C0E2F /* SentenceRowView.swift */ = {isa = PBXFileReference; lastKnownFileType = sourcecode.swift; path = SentenceRowView.swift; sourceTree = "<group>"; };
		63CFCD8B2A04DB1B008C0E2F /* SentencePandect.swift */ = {isa = PBXFileReference; lastKnownFileType = sourcecode.swift; path = SentencePandect.swift; sourceTree = "<group>"; };
		63CFCD8D2A04E748008C0E2F /* SentenceRow.swift */ = {isa = PBXFileReference; lastKnownFileType = sourcecode.swift; path = SentenceRow.swift; sourceTree = "<group>"; };
		63CFCD8F2A04EE06008C0E2F /* SentenceDetailsView.swift */ = {isa = PBXFileReference; lastKnownFileType = sourcecode.swift; path = SentenceDetailsView.swift; sourceTree = "<group>"; };
/* End PBXFileReference section */

/* Begin PBXFrameworksBuildPhase section */
		6349145829FBA30A0036E482 /* Frameworks */ = {
			isa = PBXFrameworksBuildPhase;
			buildActionMask = 2147483647;
			files = (
				6349146F29FBADBD0036E482 /* ComposableArchitecture in Frameworks */,
				634CF03D2A0A475C0011D991 /* Introspect in Frameworks */,
				634CF0402A0A5BBD0011D991 /* Colorful in Frameworks */,
			);
			runOnlyForDeploymentPostprocessing = 0;
		};
/* End PBXFrameworksBuildPhase section */

/* Begin PBXGroup section */
		6349145229FBA30A0036E482 = {
			isa = PBXGroup;
			children = (
				6349145D29FBA30A0036E482 /* Apollo11 */,
				6349145C29FBA30A0036E482 /* Products */,
			);
			sourceTree = "<group>";
		};
		6349145C29FBA30A0036E482 /* Products */ = {
			isa = PBXGroup;
			children = (
				6349145B29FBA30A0036E482 /* Apollo11.app */,
			);
			name = Products;
			sourceTree = "<group>";
		};
		6349145D29FBA30A0036E482 /* Apollo11 */ = {
			isa = PBXGroup;
			children = (
				6349145E29FBA30A0036E482 /* Apollo11App.swift */,
				6349146229FBA30B0036E482 /* Assets.xcassets */,
				6349146429FBA30B0036E482 /* Apollo11.entitlements */,
				6349146529FBA30B0036E482 /* Preview Content */,
				6349147029FBB2BF0036E482 /* HomeTabView.swift */,
				63CFCD8B2A04DB1B008C0E2F /* SentencePandect.swift */,
				6349147229FBB7240036E482 /* SentencePandectView.swift */,
				63CFCD8D2A04E748008C0E2F /* SentenceRow.swift */,
				63CFCD892A04A6DA008C0E2F /* SentenceRowView.swift */,
				63CFCD8F2A04EE06008C0E2F /* SentenceDetailsView.swift */,
				6349147429FBB72D0036E482 /* SettingView.swift */,
				63CFCD872A04A4F2008C0E2F /* PastedBoardMaster.swift */,
			);
			path = Apollo11;
			sourceTree = "<group>";
		};
		6349146529FBA30B0036E482 /* Preview Content */ = {
			isa = PBXGroup;
			children = (
				6349146629FBA30B0036E482 /* Preview Assets.xcassets */,
			);
			path = "Preview Content";
			sourceTree = "<group>";
		};
/* End PBXGroup section */

/* Begin PBXNativeTarget section */
		6349145A29FBA30A0036E482 /* Apollo11 */ = {
			isa = PBXNativeTarget;
			buildConfigurationList = 6349146A29FBA30B0036E482 /* Build configuration list for PBXNativeTarget "Apollo11" */;
			buildPhases = (
				6349145729FBA30A0036E482 /* Sources */,
				6349145829FBA30A0036E482 /* Frameworks */,
				6349145929FBA30A0036E482 /* Resources */,
			);
			buildRules = (
			);
			dependencies = (
			);
			name = Apollo11;
			packageProductDependencies = (
				6349146E29FBADBD0036E482 /* ComposableArchitecture */,
				634CF03C2A0A475C0011D991 /* Introspect */,
				634CF03F2A0A5BBD0011D991 /* Colorful */,
			);
			productName = Apollo11;
			productReference = 6349145B29FBA30A0036E482 /* Apollo11.app */;
			productType = "com.apple.product-type.application";
		};
/* End PBXNativeTarget section */

/* Begin PBXProject section */
		6349145329FBA30A0036E482 /* Project object */ = {
			isa = PBXProject;
			attributes = {
				BuildIndependentTargetsInParallel = 1;
				LastSwiftUpdateCheck = 1420;
				LastUpgradeCheck = 1420;
				TargetAttributes = {
					6349145A29FBA30A0036E482 = {
						CreatedOnToolsVersion = 14.2;
					};
				};
			};
			buildConfigurationList = 6349145629FBA30A0036E482 /* Build configuration list for PBXProject "Apollo11" */;
			compatibilityVersion = "Xcode 14.0";
			developmentRegion = en;
			hasScannedForEncodings = 0;
			knownRegions = (
				en,
				Base,
			);
			mainGroup = 6349145229FBA30A0036E482;
			packageReferences = (
				6349146D29FBADBD0036E482 /* XCRemoteSwiftPackageReference "swift-composable-architecture" */,
				634CF03B2A0A475C0011D991 /* XCRemoteSwiftPackageReference "SwiftUI-Introspect" */,
				634CF03E2A0A5BBD0011D991 /* XCRemoteSwiftPackageReference "Colorful" */,
			);
			productRefGroup = 6349145C29FBA30A0036E482 /* Products */;
			projectDirPath = "";
			projectRoot = "";
			targets = (
				6349145A29FBA30A0036E482 /* Apollo11 */,
			);
		};
/* End PBXProject section */

/* Begin PBXResourcesBuildPhase section */
		6349145929FBA30A0036E482 /* Resources */ = {
			isa = PBXResourcesBuildPhase;
			buildActionMask = 2147483647;
			files = (
				6349146729FBA30B0036E482 /* Preview Assets.xcassets in Resources */,
				6349146329FBA30B0036E482 /* Assets.xcassets in Resources */,
			);
			runOnlyForDeploymentPostprocessing = 0;
		};
/* End PBXResourcesBuildPhase section */

/* Begin PBXSourcesBuildPhase section */
		6349145729FBA30A0036E482 /* Sources */ = {
			isa = PBXSourcesBuildPhase;
			buildActionMask = 2147483647;
			files = (
				63CFCD8C2A04DB1B008C0E2F /* SentencePandect.swift in Sources */,
				63CFCD8E2A04E748008C0E2F /* SentenceRow.swift in Sources */,
				6349147129FBB2BF0036E482 /* HomeTabView.swift in Sources */,
				6349147529FBB72D0036E482 /* SettingView.swift in Sources */,
				6349145F29FBA30A0036E482 /* Apollo11App.swift in Sources */,
				63CFCD8A2A04A6DA008C0E2F /* SentenceRowView.swift in Sources */,
				63CFCD882A04A4F2008C0E2F /* PastedBoardMaster.swift in Sources */,
				63CFCD902A04EE06008C0E2F /* SentenceDetailsView.swift in Sources */,
				6349147329FBB7240036E482 /* SentencePandectView.swift in Sources */,
			);
			runOnlyForDeploymentPostprocessing = 0;
		};
/* End PBXSourcesBuildPhase section */

/* Begin XCBuildConfiguration section */
		6349146829FBA30B0036E482 /* Debug */ = {
			isa = XCBuildConfiguration;
			buildSettings = {
				ALWAYS_SEARCH_USER_PATHS = NO;
				CLANG_ANALYZER_NONNULL = YES;
				CLANG_ANALYZER_NUMBER_OBJECT_CONVERSION = YES_AGGRESSIVE;
				CLANG_CXX_LANGUAGE_STANDARD = "gnu++20";
				CLANG_ENABLE_MODULES = YES;
				CLANG_ENABLE_OBJC_ARC = YES;
				CLANG_ENABLE_OBJC_WEAK = YES;
				CLANG_WARN_BLOCK_CAPTURE_AUTORELEASING = YES;
				CLANG_WARN_BOOL_CONVERSION = YES;
				CLANG_WARN_COMMA = YES;
				CLANG_WARN_CONSTANT_CONVERSION = YES;
				CLANG_WARN_DEPRECATED_OBJC_IMPLEMENTATIONS = YES;
				CLANG_WARN_DIRECT_OBJC_ISA_USAGE = YES_ERROR;
				CLANG_WARN_DOCUMENTATION_COMMENTS = YES;
				CLANG_WARN_EMPTY_BODY = YES;
				CLANG_WARN_ENUM_CONVERSION = YES;
				CLANG_WARN_INFINITE_RECURSION = YES;
				CLANG_WARN_INT_CONVERSION = YES;
				CLANG_WARN_NON_LITERAL_NULL_CONVERSION = YES;
				CLANG_WARN_OBJC_IMPLICIT_RETAIN_SELF = YES;
				CLANG_WARN_OBJC_LITERAL_CONVERSION = YES;
				CLANG_WARN_OBJC_ROOT_CLASS = YES_ERROR;
				CLANG_WARN_QUOTED_INCLUDE_IN_FRAMEWORK_HEADER = YES;
				CLANG_WARN_RANGE_LOOP_ANALYSIS = YES;
				CLANG_WARN_STRICT_PROTOTYPES = YES;
				CLANG_WARN_SUSPICIOUS_MOVE = YES;
				CLANG_WARN_UNGUARDED_AVAILABILITY = YES_AGGRESSIVE;
				CLANG_WARN_UNREACHABLE_CODE = YES;
				CLANG_WARN__DUPLICATE_METHOD_MATCH = YES;
				COPY_PHASE_STRIP = NO;
				DEBUG_INFORMATION_FORMAT = dwarf;
				ENABLE_STRICT_OBJC_MSGSEND = YES;
				ENABLE_TESTABILITY = YES;
				GCC_C_LANGUAGE_STANDARD = gnu11;
				GCC_DYNAMIC_NO_PIC = NO;
				GCC_NO_COMMON_BLOCKS = YES;
				GCC_OPTIMIZATION_LEVEL = 0;
				GCC_PREPROCESSOR_DEFINITIONS = (
					"DEBUG=1",
					"$(inherited)",
				);
				GCC_WARN_64_TO_32_BIT_CONVERSION = YES;
				GCC_WARN_ABOUT_RETURN_TYPE = YES_ERROR;
				GCC_WARN_UNDECLARED_SELECTOR = YES;
				GCC_WARN_UNINITIALIZED_AUTOS = YES_AGGRESSIVE;
				GCC_WARN_UNUSED_FUNCTION = YES;
				GCC_WARN_UNUSED_VARIABLE = YES;
				MTL_ENABLE_DEBUG_INFO = INCLUDE_SOURCE;
				MTL_FAST_MATH = YES;
				ONLY_ACTIVE_ARCH = YES;
				SWIFT_ACTIVE_COMPILATION_CONDITIONS = DEBUG;
				SWIFT_OPTIMIZATION_LEVEL = "-Onone";
			};
			name = Debug;
		};
		6349146929FBA30B0036E482 /* Release */ = {
			isa = XCBuildConfiguration;
			buildSettings = {
				ALWAYS_SEARCH_USER_PATHS = NO;
				CLANG_ANALYZER_NONNULL = YES;
				CLANG_ANALYZER_NUMBER_OBJECT_CONVERSION = YES_AGGRESSIVE;
				CLANG_CXX_LANGUAGE_STANDARD = "gnu++20";
				CLANG_ENABLE_MODULES = YES;
				CLANG_ENABLE_OBJC_ARC = YES;
				CLANG_ENABLE_OBJC_WEAK = YES;
				CLANG_WARN_BLOCK_CAPTURE_AUTORELEASING = YES;
				CLANG_WARN_BOOL_CONVERSION = YES;
				CLANG_WARN_COMMA = YES;
				CLANG_WARN_CONSTANT_CONVERSION = YES;
				CLANG_WARN_DEPRECATED_OBJC_IMPLEMENTATIONS = YES;
				CLANG_WARN_DIRECT_OBJC_ISA_USAGE = YES_ERROR;
				CLANG_WARN_DOCUMENTATION_COMMENTS = YES;
				CLANG_WARN_EMPTY_BODY = YES;
				CLANG_WARN_ENUM_CONVERSION = YES;
				CLANG_WARN_INFINITE_RECURSION = YES;
				CLANG_WARN_INT_CONVERSION = YES;
				CLANG_WARN_NON_LITERAL_NULL_CONVERSION = YES;
				CLANG_WARN_OBJC_IMPLICIT_RETAIN_SELF = YES;
				CLANG_WARN_OBJC_LITERAL_CONVERSION = YES;
				CLANG_WARN_OBJC_ROOT_CLASS = YES_ERROR;
				CLANG_WARN_QUOTED_INCLUDE_IN_FRAMEWORK_HEADER = YES;
				CLANG_WARN_RANGE_LOOP_ANALYSIS = YES;
				CLANG_WARN_STRICT_PROTOTYPES = YES;
				CLANG_WARN_SUSPICIOUS_MOVE = YES;
				CLANG_WARN_UNGUARDED_AVAILABILITY = YES_AGGRESSIVE;
				CLANG_WARN_UNREACHABLE_CODE = YES;
				CLANG_WARN__DUPLICATE_METHOD_MATCH = YES;
				COPY_PHASE_STRIP = NO;
				DEBUG_INFORMATION_FORMAT = "dwarf-with-dsym";
				ENABLE_NS_ASSERTIONS = NO;
				ENABLE_STRICT_OBJC_MSGSEND = YES;
				GCC_C_LANGUAGE_STANDARD = gnu11;
				GCC_NO_COMMON_BLOCKS = YES;
				GCC_WARN_64_TO_32_BIT_CONVERSION = YES;
				GCC_WARN_ABOUT_RETURN_TYPE = YES_ERROR;
				GCC_WARN_UNDECLARED_SELECTOR = YES;
				GCC_WARN_UNINITIALIZED_AUTOS = YES_AGGRESSIVE;
				GCC_WARN_UNUSED_FUNCTION = YES;
				GCC_WARN_UNUSED_VARIABLE = YES;
				MTL_ENABLE_DEBUG_INFO = NO;
				MTL_FAST_MATH = YES;
				SWIFT_COMPILATION_MODE = wholemodule;
				SWIFT_OPTIMIZATION_LEVEL = "-O";
			};
			name = Release;
		};
		6349146B29FBA30B0036E482 /* Debug */ = {
			isa = XCBuildConfiguration;
			buildSettings = {
				ASSETCATALOG_COMPILER_APPICON_NAME = AppIcon;
				ASSETCATALOG_COMPILER_GLOBAL_ACCENT_COLOR_NAME = AccentColor;
				CODE_SIGN_ENTITLEMENTS = Apollo11/Apollo11.entitlements;
				CODE_SIGN_STYLE = Automatic;
				CURRENT_PROJECT_VERSION = 1;
				DEVELOPMENT_ASSET_PATHS = "\"Apollo11/Preview Content\"";
				DEVELOPMENT_TEAM = 78X6FL4YJY;
				ENABLE_HARDENED_RUNTIME = YES;
				ENABLE_PREVIEWS = YES;
				GENERATE_INFOPLIST_FILE = YES;
				"INFOPLIST_KEY_UIApplicationSceneManifest_Generation[sdk=iphoneos*]" = YES;
				"INFOPLIST_KEY_UIApplicationSceneManifest_Generation[sdk=iphonesimulator*]" = YES;
				"INFOPLIST_KEY_UIApplicationSupportsIndirectInputEvents[sdk=iphoneos*]" = YES;
				"INFOPLIST_KEY_UIApplicationSupportsIndirectInputEvents[sdk=iphonesimulator*]" = YES;
				"INFOPLIST_KEY_UILaunchScreen_Generation[sdk=iphoneos*]" = YES;
				"INFOPLIST_KEY_UILaunchScreen_Generation[sdk=iphonesimulator*]" = YES;
				"INFOPLIST_KEY_UIStatusBarStyle[sdk=iphoneos*]" = UIStatusBarStyleDefault;
				"INFOPLIST_KEY_UIStatusBarStyle[sdk=iphonesimulator*]" = UIStatusBarStyleDefault;
				INFOPLIST_KEY_UISupportedInterfaceOrientations_iPad = "UIInterfaceOrientationPortrait UIInterfaceOrientationPortraitUpsideDown UIInterfaceOrientationLandscapeLeft UIInterfaceOrientationLandscapeRight";
				INFOPLIST_KEY_UISupportedInterfaceOrientations_iPhone = "UIInterfaceOrientationPortrait UIInterfaceOrientationLandscapeLeft UIInterfaceOrientationLandscapeRight";
				IPHONEOS_DEPLOYMENT_TARGET = 16.0;
				LD_RUNPATH_SEARCH_PATHS = "@executable_path/Frameworks";
				"LD_RUNPATH_SEARCH_PATHS[sdk=macosx*]" = "@executable_path/../Frameworks";
				MACOSX_DEPLOYMENT_TARGET = 13.1;
				MARKETING_VERSION = 1.0;
				PRODUCT_BUNDLE_IDENTIFIER = com.person.Apollo11;
				PRODUCT_NAME = "$(TARGET_NAME)";
				SDKROOT = auto;
				SUPPORTED_PLATFORMS = "iphoneos iphonesimulator macosx";
				SWIFT_EMIT_LOC_STRINGS = YES;
				SWIFT_VERSION = 5.0;
				TARGETED_DEVICE_FAMILY = "1,2";
			};
			name = Debug;
		};
		6349146C29FBA30B0036E482 /* Release */ = {
			isa = XCBuildConfiguration;
			buildSettings = {
				ASSETCATALOG_COMPILER_APPICON_NAME = AppIcon;
				ASSETCATALOG_COMPILER_GLOBAL_ACCENT_COLOR_NAME = AccentColor;
				CODE_SIGN_ENTITLEMENTS = Apollo11/Apollo11.entitlements;
				CODE_SIGN_STYLE = Automatic;
				CURRENT_PROJECT_VERSION = 1;
				DEVELOPMENT_ASSET_PATHS = "\"Apollo11/Preview Content\"";
				DEVELOPMENT_TEAM = 78X6FL4YJY;
				ENABLE_HARDENED_RUNTIME = YES;
				ENABLE_PREVIEWS = YES;
				GENERATE_INFOPLIST_FILE = YES;
				"INFOPLIST_KEY_UIApplicationSceneManifest_Generation[sdk=iphoneos*]" = YES;
				"INFOPLIST_KEY_UIApplicationSceneManifest_Generation[sdk=iphonesimulator*]" = YES;
				"INFOPLIST_KEY_UIApplicationSupportsIndirectInputEvents[sdk=iphoneos*]" = YES;
				"INFOPLIST_KEY_UIApplicationSupportsIndirectInputEvents[sdk=iphonesimulator*]" = YES;
				"INFOPLIST_KEY_UILaunchScreen_Generation[sdk=iphoneos*]" = YES;
				"INFOPLIST_KEY_UILaunchScreen_Generation[sdk=iphonesimulator*]" = YES;
				"INFOPLIST_KEY_UIStatusBarStyle[sdk=iphoneos*]" = UIStatusBarStyleDefault;
				"INFOPLIST_KEY_UIStatusBarStyle[sdk=iphonesimulator*]" = UIStatusBarStyleDefault;
				INFOPLIST_KEY_UISupportedInterfaceOrientations_iPad = "UIInterfaceOrientationPortrait UIInterfaceOrientationPortraitUpsideDown UIInterfaceOrientationLandscapeLeft UIInterfaceOrientationLandscapeRight";
				INFOPLIST_KEY_UISupportedInterfaceOrientations_iPhone = "UIInterfaceOrientationPortrait UIInterfaceOrientationLandscapeLeft UIInterfaceOrientationLandscapeRight";
				IPHONEOS_DEPLOYMENT_TARGET = 16.0;
				LD_RUNPATH_SEARCH_PATHS = "@executable_path/Frameworks";
				"LD_RUNPATH_SEARCH_PATHS[sdk=macosx*]" = "@executable_path/../Frameworks";
				MACOSX_DEPLOYMENT_TARGET = 13.1;
				MARKETING_VERSION = 1.0;
				PRODUCT_BUNDLE_IDENTIFIER = com.person.Apollo11;
				PRODUCT_NAME = "$(TARGET_NAME)";
				SDKROOT = auto;
				SUPPORTED_PLATFORMS = "iphoneos iphonesimulator macosx";
				SWIFT_EMIT_LOC_STRINGS = YES;
				SWIFT_VERSION = 5.0;
				TARGETED_DEVICE_FAMILY = "1,2";
			};
			name = Release;
		};
/* End XCBuildConfiguration section */

/* Begin XCConfigurationList section */
		6349145629FBA30A0036E482 /* Build configuration list for PBXProject "Apollo11" */ = {
			isa = XCConfigurationList;
			buildConfigurations = (
				6349146829FBA30B0036E482 /* Debug */,
				6349146929FBA30B0036E482 /* Release */,
			);
			defaultConfigurationIsVisible = 0;
			defaultConfigurationName = Release;
		};
		6349146A29FBA30B0036E482 /* Build configuration list for PBXNativeTarget "Apollo11" */ = {
			isa = XCConfigurationList;
			buildConfigurations = (
				6349146B29FBA30B0036E482 /* Debug */,
				6349146C29FBA30B0036E482 /* Release */,
			);
			defaultConfigurationIsVisible = 0;
			defaultConfigurationName = Release;
		};
/* End XCConfigurationList section */

/* Begin XCRemoteSwiftPackageReference section */
		6349146D29FBADBD0036E482 /* XCRemoteSwiftPackageReference "swift-composable-architecture" */ = {
			isa = XCRemoteSwiftPackageReference;
			repositoryURL = "https://github.com/pointfreeco/swift-composable-architecture.git";
			requirement = {
				kind = upToNextMajorVersion;
				minimumVersion = 0.9.0;
			};
		};
		634CF03B2A0A475C0011D991 /* XCRemoteSwiftPackageReference "SwiftUI-Introspect" */ = {
			isa = XCRemoteSwiftPackageReference;
			repositoryURL = "https://github.com/siteline/SwiftUI-Introspect.git";
			requirement = {
				kind = upToNextMajorVersion;
				minimumVersion = 0.2.3;
			};
		};
		634CF03E2A0A5BBD0011D991 /* XCRemoteSwiftPackageReference "Colorful" */ = {
			isa = XCRemoteSwiftPackageReference;
			repositoryURL = "https://github.com/Lakr233/Colorful.git";
			requirement = {
				kind = upToNextMajorVersion;
				minimumVersion = 1.0.0;
			};
		};
/* End XCRemoteSwiftPackageReference section */

/* Begin XCSwiftPackageProductDependency section */
		6349146E29FBADBD0036E482 /* ComposableArchitecture */ = {
			isa = XCSwiftPackageProductDependency;
			package = 6349146D29FBADBD0036E482 /* XCRemoteSwiftPackageReference "swift-composable-architecture" */;
			productName = ComposableArchitecture;
		};
		634CF03C2A0A475C0011D991 /* Introspect */ = {
			isa = XCSwiftPackageProductDependency;
			package = 634CF03B2A0A475C0011D991 /* XCRemoteSwiftPackageReference "SwiftUI-Introspect" */;
			productName = Introspect;
		};
		634CF03F2A0A5BBD0011D991 /* Colorful */ = {
			isa = XCSwiftPackageProductDependency;
			package = 634CF03E2A0A5BBD0011D991 /* XCRemoteSwiftPackageReference "Colorful" */;
			productName = Colorful;
		};
/* End XCSwiftPackageProductDependency section */
	};
	rootObject = 6349145329FBA30A0036E482 /* Project object */;
}
