// !$*UTF8*$!
{
	archiveVersion = 1;
	classes = {
	};
	objectVersion = 56;
	objects = {

/* Begin PBXBuildFile section */
		630C11982A9344C50007832B /* WidgetKit.framework in Frameworks */ = {isa = PBXBuildFile; fileRef = 630C11972A9344C50007832B /* WidgetKit.framework */; };
		630C119A2A9344C50007832B /* SwiftUI.framework in Frameworks */ = {isa = PBXBuildFile; fileRef = 630C11992A9344C50007832B /* SwiftUI.framework */; };
		630C119D2A9344C50007832B /* FancyBundle.swift in Sources */ = {isa = PBXBuildFile; fileRef = 630C119C2A9344C50007832B /* FancyBundle.swift */; };
		630C119F2A9344C50007832B /* FancyLiveActivity.swift in Sources */ = {isa = PBXBuildFile; fileRef = 630C119E2A9344C50007832B /* FancyLiveActivity.swift */; };
		630C11A12A9344C50007832B /* Fancy.swift in Sources */ = {isa = PBXBuildFile; fileRef = 630C11A02A9344C50007832B /* Fancy.swift */; };
		630C11A42A9344C70007832B /* Assets.xcassets in Resources */ = {isa = PBXBuildFile; fileRef = 630C11A32A9344C70007832B /* Assets.xcassets */; };
		630C11A62A9344C70007832B /* Fancy.intentdefinition in Sources */ = {isa = PBXBuildFile; fileRef = 630C11A22A9344C60007832B /* Fancy.intentdefinition */; };
		630C11A72A9344C70007832B /* Fancy.intentdefinition in Sources */ = {isa = PBXBuildFile; fileRef = 630C11A22A9344C60007832B /* Fancy.intentdefinition */; };
		630C11AA2A9344C70007832B /* FancyExtension.appex in Embed Foundation Extensions */ = {isa = PBXBuildFile; fileRef = 630C11962A9344C50007832B /* FancyExtension.appex */; settings = {ATTRIBUTES = (RemoveHeadersOnCopy, ); }; };
		63455B0E2A56D49500AE5CFF /* OCR in Frameworks */ = {isa = PBXBuildFile; productRef = 63455B0D2A56D49500AE5CFF /* OCR */; };
		63455B112A56D6D200AE5CFF /* Profile in Frameworks */ = {isa = PBXBuildFile; productRef = 63455B102A56D6D200AE5CFF /* Profile */; };
		63455B142A581CF200AE5CFF /* Calendar in Frameworks */ = {isa = PBXBuildFile; productRef = 63455B132A581CF200AE5CFF /* Calendar */; };
		63455B172A581DA100AE5CFF /* SentencePandect in Frameworks */ = {isa = PBXBuildFile; productRef = 63455B162A581DA100AE5CFF /* SentencePandect */; };
		63455B1D2A58224000AE5CFF /* Popup in Frameworks */ = {isa = PBXBuildFile; productRef = 63455B1C2A58224000AE5CFF /* Popup */; };
		6349145F29FBA30A0036E482 /* Apollo11App.swift in Sources */ = {isa = PBXBuildFile; fileRef = 6349145E29FBA30A0036E482 /* Apollo11App.swift */; };
		6349146329FBA30B0036E482 /* Assets.xcassets in Resources */ = {isa = PBXBuildFile; fileRef = 6349146229FBA30B0036E482 /* Assets.xcassets */; };
		6349146729FBA30B0036E482 /* Preview Assets.xcassets in Resources */ = {isa = PBXBuildFile; fileRef = 6349146629FBA30B0036E482 /* Preview Assets.xcassets */; };
		634CF03D2A0A475C0011D991 /* Introspect in Frameworks */ = {isa = PBXBuildFile; productRef = 634CF03C2A0A475C0011D991 /* Introspect */; };
		634CF0402A0A5BBD0011D991 /* Colorful in Frameworks */ = {isa = PBXBuildFile; productRef = 634CF03F2A0A5BBD0011D991 /* Colorful */; };
		634CF0432A0B3A120011D991 /* Setting in Frameworks */ = {isa = PBXBuildFile; productRef = 634CF0422A0B3A120011D991 /* Setting */; };
		634CF0462A0B76B70011D991 /* ElegantCalendar in Frameworks */ = {isa = PBXBuildFile; productRef = 634CF0452A0B76B70011D991 /* ElegantCalendar */; };
		634CF0492A0B7E240011D991 /* SFSafeSymbols in Frameworks */ = {isa = PBXBuildFile; productRef = 634CF0482A0B7E240011D991 /* SFSafeSymbols */; };
		634D08662A7B863F00526F4D /* ComposableArchitecture in Frameworks */ = {isa = PBXBuildFile; productRef = 634D08652A7B863F00526F4D /* ComposableArchitecture */; };
		635C158A2AB834A7000C1AF0 /* Alamofire in Frameworks */ = {isa = PBXBuildFile; productRef = 635C15892AB834A7000C1AF0 /* Alamofire */; };
		635C158D2AB860FD000C1AF0 /* Kingfisher in Frameworks */ = {isa = PBXBuildFile; productRef = 635C158C2AB860FD000C1AF0 /* Kingfisher */; };
		636A681D2A5BF87500F38251 /* ViewComponents in Frameworks */ = {isa = PBXBuildFile; productRef = 636A681C2A5BF87500F38251 /* ViewComponents */; };
		636A68202A5BFE0B00F38251 /* App in Frameworks */ = {isa = PBXBuildFile; productRef = 636A681F2A5BFE0B00F38251 /* App */; };
		63873F782A20C226002F89B0 /* PopupView in Frameworks */ = {isa = PBXBuildFile; productRef = 63873F772A20C226002F89B0 /* PopupView */; };
		63873F7D2A249FA0002F89B0 /* ColorKit in Frameworks */ = {isa = PBXBuildFile; productRef = 63873F7C2A249FA0002F89B0 /* ColorKit */; };
		63ABB3C52A56790F00273680 /* Debug in Frameworks */ = {isa = PBXBuildFile; productRef = 63ABB3C42A56790F00273680 /* Debug */; };
		63ABB3C72A56791400273680 /* Pasteboard in Frameworks */ = {isa = PBXBuildFile; productRef = 63ABB3C62A56791400273680 /* Pasteboard */; };
		63E8AC072A2998E000ED2064 /* SwiftTheme in Frameworks */ = {isa = PBXBuildFile; productRef = 63E8AC062A2998E000ED2064 /* SwiftTheme */; };
/* End PBXBuildFile section */

/* Begin PBXContainerItemProxy section */
		630C11A82A9344C70007832B /* PBXContainerItemProxy */ = {
			isa = PBXContainerItemProxy;
			containerPortal = 6349145329FBA30A0036E482 /* Project object */;
			proxyType = 1;
			remoteGlobalIDString = 630C11952A9344C50007832B;
			remoteInfo = FancyExtension;
		};
/* End PBXContainerItemProxy section */

/* Begin PBXCopyFilesBuildPhase section */
		630C11AB2A9344C70007832B /* Embed Foundation Extensions */ = {
			isa = PBXCopyFilesBuildPhase;
			buildActionMask = 2147483647;
			dstPath = "";
			dstSubfolderSpec = 13;
			files = (
				630C11AA2A9344C70007832B /* FancyExtension.appex in Embed Foundation Extensions */,
			);
			name = "Embed Foundation Extensions";
			runOnlyForDeploymentPostprocessing = 0;
		};
/* End PBXCopyFilesBuildPhase section */

/* Begin PBXFileReference section */
		630C11962A9344C50007832B /* FancyExtension.appex */ = {isa = PBXFileReference; explicitFileType = "wrapper.app-extension"; includeInIndex = 0; path = FancyExtension.appex; sourceTree = BUILT_PRODUCTS_DIR; };
		630C11972A9344C50007832B /* WidgetKit.framework */ = {isa = PBXFileReference; lastKnownFileType = wrapper.framework; name = WidgetKit.framework; path = System/Library/Frameworks/WidgetKit.framework; sourceTree = SDKROOT; };
		630C11992A9344C50007832B /* SwiftUI.framework */ = {isa = PBXFileReference; lastKnownFileType = wrapper.framework; name = SwiftUI.framework; path = System/Library/Frameworks/SwiftUI.framework; sourceTree = SDKROOT; };
		630C119C2A9344C50007832B /* FancyBundle.swift */ = {isa = PBXFileReference; lastKnownFileType = sourcecode.swift; path = FancyBundle.swift; sourceTree = "<group>"; };
		630C119E2A9344C50007832B /* FancyLiveActivity.swift */ = {isa = PBXFileReference; lastKnownFileType = sourcecode.swift; path = FancyLiveActivity.swift; sourceTree = "<group>"; };
		630C11A02A9344C50007832B /* Fancy.swift */ = {isa = PBXFileReference; lastKnownFileType = sourcecode.swift; path = Fancy.swift; sourceTree = "<group>"; };
		630C11A22A9344C60007832B /* Fancy.intentdefinition */ = {isa = PBXFileReference; lastKnownFileType = file.intentdefinition; path = Fancy.intentdefinition; sourceTree = "<group>"; };
		630C11A32A9344C70007832B /* Assets.xcassets */ = {isa = PBXFileReference; lastKnownFileType = folder.assetcatalog; path = Assets.xcassets; sourceTree = "<group>"; };
		630C11A52A9344C70007832B /* Info.plist */ = {isa = PBXFileReference; lastKnownFileType = text.plist.xml; path = Info.plist; sourceTree = "<group>"; };
		63455B0C2A56D41D00AE5CFF /* OCR */ = {isa = PBXFileReference; lastKnownFileType = wrapper; path = OCR; sourceTree = "<group>"; };
		63455B0F2A56D52300AE5CFF /* Profile */ = {isa = PBXFileReference; lastKnownFileType = wrapper; path = Profile; sourceTree = "<group>"; };
		63455B122A581C4A00AE5CFF /* Calendar */ = {isa = PBXFileReference; lastKnownFileType = wrapper; path = Calendar; sourceTree = "<group>"; };
		63455B152A581D8400AE5CFF /* SentencePandect */ = {isa = PBXFileReference; lastKnownFileType = wrapper; path = SentencePandect; sourceTree = "<group>"; };
		63455B182A581EC100AE5CFF /* Extensions */ = {isa = PBXFileReference; lastKnownFileType = wrapper; path = Extensions; sourceTree = "<group>"; };
		63455B192A581F6700AE5CFF /* Popup */ = {isa = PBXFileReference; lastKnownFileType = wrapper; path = Popup; sourceTree = "<group>"; };
		6349145B29FBA30A0036E482 /* Apollo11.app */ = {isa = PBXFileReference; explicitFileType = wrapper.application; includeInIndex = 0; path = Apollo11.app; sourceTree = BUILT_PRODUCTS_DIR; };
		6349145E29FBA30A0036E482 /* Apollo11App.swift */ = {isa = PBXFileReference; lastKnownFileType = sourcecode.swift; path = Apollo11App.swift; sourceTree = "<group>"; };
		6349146229FBA30B0036E482 /* Assets.xcassets */ = {isa = PBXFileReference; lastKnownFileType = folder.assetcatalog; path = Assets.xcassets; sourceTree = "<group>"; };
		6349146429FBA30B0036E482 /* Apollo11.entitlements */ = {isa = PBXFileReference; lastKnownFileType = text.plist.entitlements; path = Apollo11.entitlements; sourceTree = "<group>"; };
		6349146629FBA30B0036E482 /* Preview Assets.xcassets */ = {isa = PBXFileReference; lastKnownFileType = folder.assetcatalog; path = "Preview Assets.xcassets"; sourceTree = "<group>"; };
		635C15872AB830E1000C1AF0 /* FreeToGame */ = {isa = PBXFileReference; lastKnownFileType = wrapper; path = FreeToGame; sourceTree = "<group>"; };
		636A681B2A5BF7FF00F38251 /* ViewComponents */ = {isa = PBXFileReference; lastKnownFileType = wrapper; path = ViewComponents; sourceTree = "<group>"; };
		636A681E2A5BFC2100F38251 /* App */ = {isa = PBXFileReference; lastKnownFileType = wrapper; path = App; sourceTree = "<group>"; };
		63ABB3C12A5671CF00273680 /* Pasteboard */ = {isa = PBXFileReference; lastKnownFileType = wrapper; path = Pasteboard; sourceTree = "<group>"; };
		63ABB3C22A56720B00273680 /* Debug */ = {isa = PBXFileReference; lastKnownFileType = wrapper; path = Debug; sourceTree = "<group>"; };
/* End PBXFileReference section */

/* Begin PBXFrameworksBuildPhase section */
		630C11932A9344C50007832B /* Frameworks */ = {
			isa = PBXFrameworksBuildPhase;
			buildActionMask = 2147483647;
			files = (
				630C119A2A9344C50007832B /* SwiftUI.framework in Frameworks */,
				630C11982A9344C50007832B /* WidgetKit.framework in Frameworks */,
			);
			runOnlyForDeploymentPostprocessing = 0;
		};
		6349145829FBA30A0036E482 /* Frameworks */ = {
			isa = PBXFrameworksBuildPhase;
			buildActionMask = 2147483647;
			files = (
				636A68202A5BFE0B00F38251 /* App in Frameworks */,
				63ABB3C72A56791400273680 /* Pasteboard in Frameworks */,
				634D08662A7B863F00526F4D /* ComposableArchitecture in Frameworks */,
				635C158A2AB834A7000C1AF0 /* Alamofire in Frameworks */,
				635C158D2AB860FD000C1AF0 /* Kingfisher in Frameworks */,
				63ABB3C52A56790F00273680 /* Debug in Frameworks */,
				63455B142A581CF200AE5CFF /* Calendar in Frameworks */,
				634CF0492A0B7E240011D991 /* SFSafeSymbols in Frameworks */,
				63455B112A56D6D200AE5CFF /* Profile in Frameworks */,
				63455B172A581DA100AE5CFF /* SentencePandect in Frameworks */,
				63455B0E2A56D49500AE5CFF /* OCR in Frameworks */,
				63873F782A20C226002F89B0 /* PopupView in Frameworks */,
				636A681D2A5BF87500F38251 /* ViewComponents in Frameworks */,
				63455B1D2A58224000AE5CFF /* Popup in Frameworks */,
				634CF0432A0B3A120011D991 /* Setting in Frameworks */,
				634CF03D2A0A475C0011D991 /* Introspect in Frameworks */,
				63E8AC072A2998E000ED2064 /* SwiftTheme in Frameworks */,
				634CF0462A0B76B70011D991 /* ElegantCalendar in Frameworks */,
				634CF0402A0A5BBD0011D991 /* Colorful in Frameworks */,
				63873F7D2A249FA0002F89B0 /* ColorKit in Frameworks */,
			);
			runOnlyForDeploymentPostprocessing = 0;
		};
/* End PBXFrameworksBuildPhase section */

/* Begin PBXGroup section */
		630C119B2A9344C50007832B /* Fancy */ = {
			isa = PBXGroup;
			children = (
				630C119C2A9344C50007832B /* FancyBundle.swift */,
				630C119E2A9344C50007832B /* FancyLiveActivity.swift */,
				630C11A02A9344C50007832B /* Fancy.swift */,
				630C11A22A9344C60007832B /* Fancy.intentdefinition */,
				630C11A32A9344C70007832B /* Assets.xcassets */,
				630C11A52A9344C70007832B /* Info.plist */,
			);
			path = Fancy;
			sourceTree = "<group>";
		};
		6349145229FBA30A0036E482 = {
			isa = PBXGroup;
			children = (
				636A681E2A5BFC2100F38251 /* App */,
				636A681B2A5BF7FF00F38251 /* ViewComponents */,
				63455B192A581F6700AE5CFF /* Popup */,
				63455B182A581EC100AE5CFF /* Extensions */,
				63455B152A581D8400AE5CFF /* SentencePandect */,
				63455B122A581C4A00AE5CFF /* Calendar */,
				63455B0F2A56D52300AE5CFF /* Profile */,
				63455B0C2A56D41D00AE5CFF /* OCR */,
				63ABB3C22A56720B00273680 /* Debug */,
				63ABB3C12A5671CF00273680 /* Pasteboard */,
				635C15872AB830E1000C1AF0 /* FreeToGame */,
				6349145D29FBA30A0036E482 /* Apollo11 */,
				630C119B2A9344C50007832B /* Fancy */,
				6349145C29FBA30A0036E482 /* Products */,
				63ABB3C32A56790F00273680 /* Frameworks */,
			);
			sourceTree = "<group>";
		};
		6349145C29FBA30A0036E482 /* Products */ = {
			isa = PBXGroup;
			children = (
				6349145B29FBA30A0036E482 /* Apollo11.app */,
				630C11962A9344C50007832B /* FancyExtension.appex */,
			);
			name = Products;
			sourceTree = "<group>";
		};
		6349145D29FBA30A0036E482 /* Apollo11 */ = {
			isa = PBXGroup;
			children = (
				6349145E29FBA30A0036E482 /* Apollo11App.swift */,
				6349146229FBA30B0036E482 /* Assets.xcassets */,
				6349146429FBA30B0036E482 /* Apollo11.entitlements */,
				6349146529FBA30B0036E482 /* Preview Content */,
			);
			path = Apollo11;
			sourceTree = "<group>";
		};
		6349146529FBA30B0036E482 /* Preview Content */ = {
			isa = PBXGroup;
			children = (
				6349146629FBA30B0036E482 /* Preview Assets.xcassets */,
			);
			path = "Preview Content";
			sourceTree = "<group>";
		};
		63ABB3C32A56790F00273680 /* Frameworks */ = {
			isa = PBXGroup;
			children = (
				630C11972A9344C50007832B /* WidgetKit.framework */,
				630C11992A9344C50007832B /* SwiftUI.framework */,
			);
			name = Frameworks;
			sourceTree = "<group>";
		};
/* End PBXGroup section */

/* Begin PBXNativeTarget section */
		630C11952A9344C50007832B /* FancyExtension */ = {
			isa = PBXNativeTarget;
			buildConfigurationList = 630C11AE2A9344C70007832B /* Build configuration list for PBXNativeTarget "FancyExtension" */;
			buildPhases = (
				630C11922A9344C50007832B /* Sources */,
				630C11932A9344C50007832B /* Frameworks */,
				630C11942A9344C50007832B /* Resources */,
			);
			buildRules = (
			);
			dependencies = (
			);
			name = FancyExtension;
			productName = FancyExtension;
			productReference = 630C11962A9344C50007832B /* FancyExtension.appex */;
			productType = "com.apple.product-type.app-extension";
		};
		6349145A29FBA30A0036E482 /* Apollo11 */ = {
			isa = PBXNativeTarget;
			buildConfigurationList = 6349146A29FBA30B0036E482 /* Build configuration list for PBXNativeTarget "Apollo11" */;
			buildPhases = (
				6349145729FBA30A0036E482 /* Sources */,
				6349145829FBA30A0036E482 /* Frameworks */,
				6349145929FBA30A0036E482 /* Resources */,
				630C11AB2A9344C70007832B /* Embed Foundation Extensions */,
			);
			buildRules = (
			);
			dependencies = (
				630C11A92A9344C70007832B /* PBXTargetDependency */,
			);
			name = Apollo11;
			packageProductDependencies = (
				634CF03C2A0A475C0011D991 /* Introspect */,
				634CF03F2A0A5BBD0011D991 /* Colorful */,
				634CF0422A0B3A120011D991 /* Setting */,
				634CF0452A0B76B70011D991 /* ElegantCalendar */,
				634CF0482A0B7E240011D991 /* SFSafeSymbols */,
				63873F772A20C226002F89B0 /* PopupView */,
				63873F7C2A249FA0002F89B0 /* ColorKit */,
				63E8AC062A2998E000ED2064 /* SwiftTheme */,
				63ABB3C42A56790F00273680 /* Debug */,
				63ABB3C62A56791400273680 /* Pasteboard */,
				63455B0D2A56D49500AE5CFF /* OCR */,
				63455B102A56D6D200AE5CFF /* Profile */,
				63455B132A581CF200AE5CFF /* Calendar */,
				63455B162A581DA100AE5CFF /* SentencePandect */,
				63455B1C2A58224000AE5CFF /* Popup */,
				636A681C2A5BF87500F38251 /* ViewComponents */,
				636A681F2A5BFE0B00F38251 /* App */,
				634D08652A7B863F00526F4D /* ComposableArchitecture */,
				635C15892AB834A7000C1AF0 /* Alamofire */,
				635C158C2AB860FD000C1AF0 /* Kingfisher */,
			);
			productName = Apollo11;
			productReference = 6349145B29FBA30A0036E482 /* Apollo11.app */;
			productType = "com.apple.product-type.application";
		};
/* End PBXNativeTarget section */

/* Begin PBXProject section */
		6349145329FBA30A0036E482 /* Project object */ = {
			isa = PBXProject;
			attributes = {
				BuildIndependentTargetsInParallel = 1;
				LastSwiftUpdateCheck = 1420;
				LastUpgradeCheck = 1430;
				TargetAttributes = {
					630C11952A9344C50007832B = {
						CreatedOnToolsVersion = 14.2;
					};
					6349145A29FBA30A0036E482 = {
						CreatedOnToolsVersion = 14.2;
					};
				};
			};
			buildConfigurationList = 6349145629FBA30A0036E482 /* Build configuration list for PBXProject "Apollo11" */;
			compatibilityVersion = "Xcode 14.0";
			developmentRegion = en;
			hasScannedForEncodings = 0;
			knownRegions = (
				en,
				Base,
			);
			mainGroup = 6349145229FBA30A0036E482;
			packageReferences = (
				634CF03B2A0A475C0011D991 /* XCRemoteSwiftPackageReference "SwiftUI-Introspect" */,
				634CF03E2A0A5BBD0011D991 /* XCRemoteSwiftPackageReference "Colorful" */,
				634CF0412A0B3A120011D991 /* XCRemoteSwiftPackageReference "Setting" */,
				634CF0442A0B76B70011D991 /* XCRemoteSwiftPackageReference "ElegantCalendar" */,
				634CF0472A0B7E240011D991 /* XCRemoteSwiftPackageReference "SFSafeSymbols" */,
				63873F762A20C226002F89B0 /* XCRemoteSwiftPackageReference "PopupView" */,
				63873F7B2A249FA0002F89B0 /* XCRemoteSwiftPackageReference "ColorKit" */,
				63E8AC052A2998E000ED2064 /* XCRemoteSwiftPackageReference "SwiftTheme" */,
				634D08642A7B863F00526F4D /* XCRemoteSwiftPackageReference "swift-composable-architecture" */,
				635C15882AB833E4000C1AF0 /* XCRemoteSwiftPackageReference "Alamofire" */,
				635C158B2AB860DE000C1AF0 /* XCRemoteSwiftPackageReference "Kingfisher" */,
			);
			productRefGroup = 6349145C29FBA30A0036E482 /* Products */;
			projectDirPath = "";
			projectRoot = "";
			targets = (
				6349145A29FBA30A0036E482 /* Apollo11 */,
				630C11952A9344C50007832B /* FancyExtension */,
			);
		};
/* End PBXProject section */

/* Begin PBXResourcesBuildPhase section */
		630C11942A9344C50007832B /* Resources */ = {
			isa = PBXResourcesBuildPhase;
			buildActionMask = 2147483647;
			files = (
				630C11A42A9344C70007832B /* Assets.xcassets in Resources */,
			);
			runOnlyForDeploymentPostprocessing = 0;
		};
		6349145929FBA30A0036E482 /* Resources */ = {
			isa = PBXResourcesBuildPhase;
			buildActionMask = 2147483647;
			files = (
				6349146729FBA30B0036E482 /* Preview Assets.xcassets in Resources */,
				6349146329FBA30B0036E482 /* Assets.xcassets in Resources */,
			);
			runOnlyForDeploymentPostprocessing = 0;
		};
/* End PBXResourcesBuildPhase section */

/* Begin PBXSourcesBuildPhase section */
		630C11922A9344C50007832B /* Sources */ = {
			isa = PBXSourcesBuildPhase;
			buildActionMask = 2147483647;
			files = (
				630C11A62A9344C70007832B /* Fancy.intentdefinition in Sources */,
				630C11A12A9344C50007832B /* Fancy.swift in Sources */,
				630C119F2A9344C50007832B /* FancyLiveActivity.swift in Sources */,
				630C119D2A9344C50007832B /* FancyBundle.swift in Sources */,
			);
			runOnlyForDeploymentPostprocessing = 0;
		};
		6349145729FBA30A0036E482 /* Sources */ = {
			isa = PBXSourcesBuildPhase;
			buildActionMask = 2147483647;
			files = (
				630C11A72A9344C70007832B /* Fancy.intentdefinition in Sources */,
				6349145F29FBA30A0036E482 /* Apollo11App.swift in Sources */,
			);
			runOnlyForDeploymentPostprocessing = 0;
		};
/* End PBXSourcesBuildPhase section */

/* Begin PBXTargetDependency section */
		630C11A92A9344C70007832B /* PBXTargetDependency */ = {
			isa = PBXTargetDependency;
			target = 630C11952A9344C50007832B /* FancyExtension */;
			targetProxy = 630C11A82A9344C70007832B /* PBXContainerItemProxy */;
		};
/* End PBXTargetDependency section */

/* Begin XCBuildConfiguration section */
		630C11AC2A9344C70007832B /* Debug */ = {
			isa = XCBuildConfiguration;
			buildSettings = {
				ASSETCATALOG_COMPILER_GLOBAL_ACCENT_COLOR_NAME = AccentColor;
				ASSETCATALOG_COMPILER_WIDGET_BACKGROUND_COLOR_NAME = WidgetBackground;
				CODE_SIGN_STYLE = Automatic;
				CURRENT_PROJECT_VERSION = 1;
				DEVELOPMENT_TEAM = 78X6FL4YJY;
				GENERATE_INFOPLIST_FILE = YES;
				INFOPLIST_FILE = Fancy/Info.plist;
				INFOPLIST_KEY_CFBundleDisplayName = Fancy;
				INFOPLIST_KEY_NSHumanReadableCopyright = "";
				IPHONEOS_DEPLOYMENT_TARGET = 16.2;
				LD_RUNPATH_SEARCH_PATHS = (
					"$(inherited)",
					"@executable_path/Frameworks",
					"@executable_path/../../Frameworks",
				);
				MARKETING_VERSION = 1.0;
				PRODUCT_BUNDLE_IDENTIFIER = com.person.Apollo11.Fancy;
				PRODUCT_NAME = "$(TARGET_NAME)";
				SDKROOT = iphoneos;
				SKIP_INSTALL = YES;
				SWIFT_EMIT_LOC_STRINGS = YES;
				SWIFT_VERSION = 5.0;
				TARGETED_DEVICE_FAMILY = "1,2";
			};
			name = Debug;
		};
		630C11AD2A9344C70007832B /* Release */ = {
			isa = XCBuildConfiguration;
			buildSettings = {
				ASSETCATALOG_COMPILER_GLOBAL_ACCENT_COLOR_NAME = AccentColor;
				ASSETCATALOG_COMPILER_WIDGET_BACKGROUND_COLOR_NAME = WidgetBackground;
				CODE_SIGN_STYLE = Automatic;
				CURRENT_PROJECT_VERSION = 1;
				DEVELOPMENT_TEAM = 78X6FL4YJY;
				GENERATE_INFOPLIST_FILE = YES;
				INFOPLIST_FILE = Fancy/Info.plist;
				INFOPLIST_KEY_CFBundleDisplayName = Fancy;
				INFOPLIST_KEY_NSHumanReadableCopyright = "";
				IPHONEOS_DEPLOYMENT_TARGET = 16.2;
				LD_RUNPATH_SEARCH_PATHS = (
					"$(inherited)",
					"@executable_path/Frameworks",
					"@executable_path/../../Frameworks",
				);
				MARKETING_VERSION = 1.0;
				PRODUCT_BUNDLE_IDENTIFIER = com.person.Apollo11.Fancy;
				PRODUCT_NAME = "$(TARGET_NAME)";
				SDKROOT = iphoneos;
				SKIP_INSTALL = YES;
				SWIFT_EMIT_LOC_STRINGS = YES;
				SWIFT_VERSION = 5.0;
				TARGETED_DEVICE_FAMILY = "1,2";
				VALIDATE_PRODUCT = YES;
			};
			name = Release;
		};
		6349146829FBA30B0036E482 /* Debug */ = {
			isa = XCBuildConfiguration;
			buildSettings = {
				ALWAYS_SEARCH_USER_PATHS = NO;
				CLANG_ANALYZER_NONNULL = YES;
				CLANG_ANALYZER_NUMBER_OBJECT_CONVERSION = YES_AGGRESSIVE;
				CLANG_CXX_LANGUAGE_STANDARD = "gnu++20";
				CLANG_ENABLE_MODULES = YES;
				CLANG_ENABLE_OBJC_ARC = YES;
				CLANG_ENABLE_OBJC_WEAK = YES;
				CLANG_WARN_BLOCK_CAPTURE_AUTORELEASING = YES;
				CLANG_WARN_BOOL_CONVERSION = YES;
				CLANG_WARN_COMMA = YES;
				CLANG_WARN_CONSTANT_CONVERSION = YES;
				CLANG_WARN_DEPRECATED_OBJC_IMPLEMENTATIONS = YES;
				CLANG_WARN_DIRECT_OBJC_ISA_USAGE = YES_ERROR;
				CLANG_WARN_DOCUMENTATION_COMMENTS = YES;
				CLANG_WARN_EMPTY_BODY = YES;
				CLANG_WARN_ENUM_CONVERSION = YES;
				CLANG_WARN_INFINITE_RECURSION = YES;
				CLANG_WARN_INT_CONVERSION = YES;
				CLANG_WARN_NON_LITERAL_NULL_CONVERSION = YES;
				CLANG_WARN_OBJC_IMPLICIT_RETAIN_SELF = YES;
				CLANG_WARN_OBJC_LITERAL_CONVERSION = YES;
				CLANG_WARN_OBJC_ROOT_CLASS = YES_ERROR;
				CLANG_WARN_QUOTED_INCLUDE_IN_FRAMEWORK_HEADER = YES;
				CLANG_WARN_RANGE_LOOP_ANALYSIS = YES;
				CLANG_WARN_STRICT_PROTOTYPES = YES;
				CLANG_WARN_SUSPICIOUS_MOVE = YES;
				CLANG_WARN_UNGUARDED_AVAILABILITY = YES_AGGRESSIVE;
				CLANG_WARN_UNREACHABLE_CODE = YES;
				CLANG_WARN__DUPLICATE_METHOD_MATCH = YES;
				COPY_PHASE_STRIP = NO;
				DEAD_CODE_STRIPPING = YES;
				DEBUG_INFORMATION_FORMAT = dwarf;
				ENABLE_STRICT_OBJC_MSGSEND = YES;
				ENABLE_TESTABILITY = YES;
				GCC_C_LANGUAGE_STANDARD = gnu11;
				GCC_DYNAMIC_NO_PIC = NO;
				GCC_NO_COMMON_BLOCKS = YES;
				GCC_OPTIMIZATION_LEVEL = 0;
				GCC_PREPROCESSOR_DEFINITIONS = (
					"DEBUG=1",
					"$(inherited)",
				);
				GCC_WARN_64_TO_32_BIT_CONVERSION = YES;
				GCC_WARN_ABOUT_RETURN_TYPE = YES_ERROR;
				GCC_WARN_UNDECLARED_SELECTOR = YES;
				GCC_WARN_UNINITIALIZED_AUTOS = YES_AGGRESSIVE;
				GCC_WARN_UNUSED_FUNCTION = YES;
				GCC_WARN_UNUSED_VARIABLE = YES;
				MTL_ENABLE_DEBUG_INFO = INCLUDE_SOURCE;
				MTL_FAST_MATH = YES;
				ONLY_ACTIVE_ARCH = YES;
				SWIFT_ACTIVE_COMPILATION_CONDITIONS = DEBUG;
				SWIFT_OPTIMIZATION_LEVEL = "-Onone";
			};
			name = Debug;
		};
		6349146929FBA30B0036E482 /* Release */ = {
			isa = XCBuildConfiguration;
			buildSettings = {
				ALWAYS_SEARCH_USER_PATHS = NO;
				CLANG_ANALYZER_NONNULL = YES;
				CLANG_ANALYZER_NUMBER_OBJECT_CONVERSION = YES_AGGRESSIVE;
				CLANG_CXX_LANGUAGE_STANDARD = "gnu++20";
				CLANG_ENABLE_MODULES = YES;
				CLANG_ENABLE_OBJC_ARC = YES;
				CLANG_ENABLE_OBJC_WEAK = YES;
				CLANG_WARN_BLOCK_CAPTURE_AUTORELEASING = YES;
				CLANG_WARN_BOOL_CONVERSION = YES;
				CLANG_WARN_COMMA = YES;
				CLANG_WARN_CONSTANT_CONVERSION = YES;
				CLANG_WARN_DEPRECATED_OBJC_IMPLEMENTATIONS = YES;
				CLANG_WARN_DIRECT_OBJC_ISA_USAGE = YES_ERROR;
				CLANG_WARN_DOCUMENTATION_COMMENTS = YES;
				CLANG_WARN_EMPTY_BODY = YES;
				CLANG_WARN_ENUM_CONVERSION = YES;
				CLANG_WARN_INFINITE_RECURSION = YES;
				CLANG_WARN_INT_CONVERSION = YES;
				CLANG_WARN_NON_LITERAL_NULL_CONVERSION = YES;
				CLANG_WARN_OBJC_IMPLICIT_RETAIN_SELF = YES;
				CLANG_WARN_OBJC_LITERAL_CONVERSION = YES;
				CLANG_WARN_OBJC_ROOT_CLASS = YES_ERROR;
				CLANG_WARN_QUOTED_INCLUDE_IN_FRAMEWORK_HEADER = YES;
				CLANG_WARN_RANGE_LOOP_ANALYSIS = YES;
				CLANG_WARN_STRICT_PROTOTYPES = YES;
				CLANG_WARN_SUSPICIOUS_MOVE = YES;
				CLANG_WARN_UNGUARDED_AVAILABILITY = YES_AGGRESSIVE;
				CLANG_WARN_UNREACHABLE_CODE = YES;
				CLANG_WARN__DUPLICATE_METHOD_MATCH = YES;
				COPY_PHASE_STRIP = NO;
				DEAD_CODE_STRIPPING = YES;
				DEBUG_INFORMATION_FORMAT = "dwarf-with-dsym";
				ENABLE_NS_ASSERTIONS = NO;
				ENABLE_STRICT_OBJC_MSGSEND = YES;
				GCC_C_LANGUAGE_STANDARD = gnu11;
				GCC_NO_COMMON_BLOCKS = YES;
				GCC_WARN_64_TO_32_BIT_CONVERSION = YES;
				GCC_WARN_ABOUT_RETURN_TYPE = YES_ERROR;
				GCC_WARN_UNDECLARED_SELECTOR = YES;
				GCC_WARN_UNINITIALIZED_AUTOS = YES_AGGRESSIVE;
				GCC_WARN_UNUSED_FUNCTION = YES;
				GCC_WARN_UNUSED_VARIABLE = YES;
				MTL_ENABLE_DEBUG_INFO = NO;
				MTL_FAST_MATH = YES;
				SWIFT_COMPILATION_MODE = wholemodule;
				SWIFT_OPTIMIZATION_LEVEL = "-O";
			};
			name = Release;
		};
		6349146B29FBA30B0036E482 /* Debug */ = {
			isa = XCBuildConfiguration;
			buildSettings = {
				ALWAYS_EMBED_SWIFT_STANDARD_LIBRARIES = YES;
				ASSETCATALOG_COMPILER_APPICON_NAME = AppIcon;
				ASSETCATALOG_COMPILER_GLOBAL_ACCENT_COLOR_NAME = AccentColor;
				CODE_SIGN_ENTITLEMENTS = Apollo11/Apollo11.entitlements;
				CODE_SIGN_STYLE = Automatic;
				CURRENT_PROJECT_VERSION = 1;
				DEAD_CODE_STRIPPING = YES;
				DEVELOPMENT_ASSET_PATHS = "\"Apollo11/Preview Content\"";
				DEVELOPMENT_TEAM = 78X6FL4YJY;
				ENABLE_HARDENED_RUNTIME = YES;
				ENABLE_PREVIEWS = YES;
				GENERATE_INFOPLIST_FILE = YES;
				"INFOPLIST_KEY_UIApplicationSceneManifest_Generation[sdk=iphoneos*]" = YES;
				"INFOPLIST_KEY_UIApplicationSceneManifest_Generation[sdk=iphonesimulator*]" = YES;
				"INFOPLIST_KEY_UIApplicationSupportsIndirectInputEvents[sdk=iphoneos*]" = YES;
				"INFOPLIST_KEY_UIApplicationSupportsIndirectInputEvents[sdk=iphonesimulator*]" = YES;
				"INFOPLIST_KEY_UILaunchScreen_Generation[sdk=iphoneos*]" = YES;
				"INFOPLIST_KEY_UILaunchScreen_Generation[sdk=iphonesimulator*]" = YES;
				"INFOPLIST_KEY_UIStatusBarStyle[sdk=iphoneos*]" = UIStatusBarStyleDefault;
				"INFOPLIST_KEY_UIStatusBarStyle[sdk=iphonesimulator*]" = UIStatusBarStyleDefault;
				INFOPLIST_KEY_UISupportedInterfaceOrientations_iPad = "UIInterfaceOrientationPortrait UIInterfaceOrientationPortraitUpsideDown UIInterfaceOrientationLandscapeLeft UIInterfaceOrientationLandscapeRight";
				INFOPLIST_KEY_UISupportedInterfaceOrientations_iPhone = "UIInterfaceOrientationPortrait UIInterfaceOrientationLandscapeLeft UIInterfaceOrientationLandscapeRight";
				IPHONEOS_DEPLOYMENT_TARGET = 16.0;
				LD_RUNPATH_SEARCH_PATHS = "@executable_path/Frameworks";
				"LD_RUNPATH_SEARCH_PATHS[sdk=macosx*]" = "@executable_path/../Frameworks";
				MACOSX_DEPLOYMENT_TARGET = 13.1;
				MARKETING_VERSION = 1.0;
				PRODUCT_BUNDLE_IDENTIFIER = com.person.Apollo11;
				PRODUCT_NAME = "$(TARGET_NAME)";
				SDKROOT = auto;
				SUPPORTED_PLATFORMS = "iphoneos iphonesimulator macosx";
				SWIFT_EMIT_LOC_STRINGS = YES;
				SWIFT_VERSION = 5.0;
				TARGETED_DEVICE_FAMILY = "1,2";
			};
			name = Debug;
		};
		6349146C29FBA30B0036E482 /* Release */ = {
			isa = XCBuildConfiguration;
			buildSettings = {
				ALWAYS_EMBED_SWIFT_STANDARD_LIBRARIES = YES;
				ASSETCATALOG_COMPILER_APPICON_NAME = AppIcon;
				ASSETCATALOG_COMPILER_GLOBAL_ACCENT_COLOR_NAME = AccentColor;
				CODE_SIGN_ENTITLEMENTS = Apollo11/Apollo11.entitlements;
				CODE_SIGN_STYLE = Automatic;
				CURRENT_PROJECT_VERSION = 1;
				DEAD_CODE_STRIPPING = YES;
				DEVELOPMENT_ASSET_PATHS = "\"Apollo11/Preview Content\"";
				DEVELOPMENT_TEAM = 78X6FL4YJY;
				ENABLE_HARDENED_RUNTIME = YES;
				ENABLE_PREVIEWS = YES;
				GENERATE_INFOPLIST_FILE = YES;
				"INFOPLIST_KEY_UIApplicationSceneManifest_Generation[sdk=iphoneos*]" = YES;
				"INFOPLIST_KEY_UIApplicationSceneManifest_Generation[sdk=iphonesimulator*]" = YES;
				"INFOPLIST_KEY_UIApplicationSupportsIndirectInputEvents[sdk=iphoneos*]" = YES;
				"INFOPLIST_KEY_UIApplicationSupportsIndirectInputEvents[sdk=iphonesimulator*]" = YES;
				"INFOPLIST_KEY_UILaunchScreen_Generation[sdk=iphoneos*]" = YES;
				"INFOPLIST_KEY_UILaunchScreen_Generation[sdk=iphonesimulator*]" = YES;
				"INFOPLIST_KEY_UIStatusBarStyle[sdk=iphoneos*]" = UIStatusBarStyleDefault;
				"INFOPLIST_KEY_UIStatusBarStyle[sdk=iphonesimulator*]" = UIStatusBarStyleDefault;
				INFOPLIST_KEY_UISupportedInterfaceOrientations_iPad = "UIInterfaceOrientationPortrait UIInterfaceOrientationPortraitUpsideDown UIInterfaceOrientationLandscapeLeft UIInterfaceOrientationLandscapeRight";
				INFOPLIST_KEY_UISupportedInterfaceOrientations_iPhone = "UIInterfaceOrientationPortrait UIInterfaceOrientationLandscapeLeft UIInterfaceOrientationLandscapeRight";
				IPHONEOS_DEPLOYMENT_TARGET = 16.0;
				LD_RUNPATH_SEARCH_PATHS = "@executable_path/Frameworks";
				"LD_RUNPATH_SEARCH_PATHS[sdk=macosx*]" = "@executable_path/../Frameworks";
				MACOSX_DEPLOYMENT_TARGET = 13.1;
				MARKETING_VERSION = 1.0;
				PRODUCT_BUNDLE_IDENTIFIER = com.person.Apollo11;
				PRODUCT_NAME = "$(TARGET_NAME)";
				SDKROOT = auto;
				SUPPORTED_PLATFORMS = "iphoneos iphonesimulator macosx";
				SWIFT_EMIT_LOC_STRINGS = YES;
				SWIFT_VERSION = 5.0;
				TARGETED_DEVICE_FAMILY = "1,2";
			};
			name = Release;
		};
/* End XCBuildConfiguration section */

/* Begin XCConfigurationList section */
		630C11AE2A9344C70007832B /* Build configuration list for PBXNativeTarget "FancyExtension" */ = {
			isa = XCConfigurationList;
			buildConfigurations = (
				630C11AC2A9344C70007832B /* Debug */,
				630C11AD2A9344C70007832B /* Release */,
			);
			defaultConfigurationIsVisible = 0;
			defaultConfigurationName = Release;
		};
		6349145629FBA30A0036E482 /* Build configuration list for PBXProject "Apollo11" */ = {
			isa = XCConfigurationList;
			buildConfigurations = (
				6349146829FBA30B0036E482 /* Debug */,
				6349146929FBA30B0036E482 /* Release */,
			);
			defaultConfigurationIsVisible = 0;
			defaultConfigurationName = Release;
		};
		6349146A29FBA30B0036E482 /* Build configuration list for PBXNativeTarget "Apollo11" */ = {
			isa = XCConfigurationList;
			buildConfigurations = (
				6349146B29FBA30B0036E482 /* Debug */,
				6349146C29FBA30B0036E482 /* Release */,
			);
			defaultConfigurationIsVisible = 0;
			defaultConfigurationName = Release;
		};
/* End XCConfigurationList section */

/* Begin XCRemoteSwiftPackageReference section */
		634CF03B2A0A475C0011D991 /* XCRemoteSwiftPackageReference "SwiftUI-Introspect" */ = {
			isa = XCRemoteSwiftPackageReference;
			repositoryURL = "https://github.com/siteline/SwiftUI-Introspect.git";
			requirement = {
				kind = upToNextMajorVersion;
				minimumVersion = 0.2.3;
			};
		};
		634CF03E2A0A5BBD0011D991 /* XCRemoteSwiftPackageReference "Colorful" */ = {
			isa = XCRemoteSwiftPackageReference;
			repositoryURL = "https://github.com/Lakr233/Colorful.git";
			requirement = {
				kind = upToNextMajorVersion;
				minimumVersion = 1.0.0;
			};
		};
		634CF0412A0B3A120011D991 /* XCRemoteSwiftPackageReference "Setting" */ = {
			isa = XCRemoteSwiftPackageReference;
			repositoryURL = "https://github.com/aheze/Setting.git";
			requirement = {
				kind = upToNextMajorVersion;
				minimumVersion = 1.0.0;
			};
		};
		634CF0442A0B76B70011D991 /* XCRemoteSwiftPackageReference "ElegantCalendar" */ = {
			isa = XCRemoteSwiftPackageReference;
			repositoryURL = "https://github.com/ThasianX/ElegantCalendar.git";
			requirement = {
				kind = upToNextMajorVersion;
				minimumVersion = 4.0.0;
			};
		};
		634CF0472A0B7E240011D991 /* XCRemoteSwiftPackageReference "SFSafeSymbols" */ = {
			isa = XCRemoteSwiftPackageReference;
			repositoryURL = "https://github.com/SFSafeSymbols/SFSafeSymbols.git";
			requirement = {
				kind = upToNextMajorVersion;
				minimumVersion = 4.0.0;
			};
		};
		634D08642A7B863F00526F4D /* XCRemoteSwiftPackageReference "swift-composable-architecture" */ = {
			isa = XCRemoteSwiftPackageReference;
			repositoryURL = "https://github.com/pointfreeco/swift-composable-architecture.git";
			requirement = {
				kind = upToNextMajorVersion;
				minimumVersion = 1.0.0;
			};
		};
		635C15882AB833E4000C1AF0 /* XCRemoteSwiftPackageReference "Alamofire" */ = {
			isa = XCRemoteSwiftPackageReference;
			repositoryURL = "https://github.com/Alamofire/Alamofire.git";
			requirement = {
				kind = upToNextMajorVersion;
				minimumVersion = 5.8.0;
			};
		};
		635C158B2AB860DE000C1AF0 /* XCRemoteSwiftPackageReference "Kingfisher" */ = {
			isa = XCRemoteSwiftPackageReference;
			repositoryURL = "https://github.com/onevcat/Kingfisher.git";
			requirement = {
				kind = upToNextMajorVersion;
				minimumVersion = 7.9.1;
			};
		};
		63873F762A20C226002F89B0 /* XCRemoteSwiftPackageReference "PopupView" */ = {
			isa = XCRemoteSwiftPackageReference;
			repositoryURL = "https://github.com/exyte/PopupView.git";
			requirement = {
				kind = upToNextMajorVersion;
				minimumVersion = 2.0.0;
			};
		};
		63873F7B2A249FA0002F89B0 /* XCRemoteSwiftPackageReference "ColorKit" */ = {
			isa = XCRemoteSwiftPackageReference;
			repositoryURL = "https://github.com/Boris-Em/ColorKit.git";
			requirement = {
				kind = upToNextMajorVersion;
				minimumVersion = 1.0.0;
			};
		};
		63E8AC052A2998E000ED2064 /* XCRemoteSwiftPackageReference "SwiftTheme" */ = {
			isa = XCRemoteSwiftPackageReference;
			repositoryURL = "https://github.com/wxxsw/SwiftTheme.git";
			requirement = {
				kind = upToNextMajorVersion;
				minimumVersion = 0.6.4;
			};
		};
/* End XCRemoteSwiftPackageReference section */

/* Begin XCSwiftPackageProductDependency section */
		63455B0D2A56D49500AE5CFF /* OCR */ = {
			isa = XCSwiftPackageProductDependency;
			productName = OCR;
		};
		63455B102A56D6D200AE5CFF /* Profile */ = {
			isa = XCSwiftPackageProductDependency;
			productName = Profile;
		};
		63455B132A581CF200AE5CFF /* Calendar */ = {
			isa = XCSwiftPackageProductDependency;
			productName = Calendar;
		};
		63455B162A581DA100AE5CFF /* SentencePandect */ = {
			isa = XCSwiftPackageProductDependency;
			productName = SentencePandect;
		};
		63455B1C2A58224000AE5CFF /* Popup */ = {
			isa = XCSwiftPackageProductDependency;
			productName = Popup;
		};
		634CF03C2A0A475C0011D991 /* Introspect */ = {
			isa = XCSwiftPackageProductDependency;
			package = 634CF03B2A0A475C0011D991 /* XCRemoteSwiftPackageReference "SwiftUI-Introspect" */;
			productName = Introspect;
		};
		634CF03F2A0A5BBD0011D991 /* Colorful */ = {
			isa = XCSwiftPackageProductDependency;
			package = 634CF03E2A0A5BBD0011D991 /* XCRemoteSwiftPackageReference "Colorful" */;
			productName = Colorful;
		};
		634CF0422A0B3A120011D991 /* Setting */ = {
			isa = XCSwiftPackageProductDependency;
			package = 634CF0412A0B3A120011D991 /* XCRemoteSwiftPackageReference "Setting" */;
			productName = Setting;
		};
		634CF0452A0B76B70011D991 /* ElegantCalendar */ = {
			isa = XCSwiftPackageProductDependency;
			package = 634CF0442A0B76B70011D991 /* XCRemoteSwiftPackageReference "ElegantCalendar" */;
			productName = ElegantCalendar;
		};
		634CF0482A0B7E240011D991 /* SFSafeSymbols */ = {
			isa = XCSwiftPackageProductDependency;
			package = 634CF0472A0B7E240011D991 /* XCRemoteSwiftPackageReference "SFSafeSymbols" */;
			productName = SFSafeSymbols;
		};
		634D08652A7B863F00526F4D /* ComposableArchitecture */ = {
			isa = XCSwiftPackageProductDependency;
			package = 634D08642A7B863F00526F4D /* XCRemoteSwiftPackageReference "swift-composable-architecture" */;
			productName = ComposableArchitecture;
		};
		635C15892AB834A7000C1AF0 /* Alamofire */ = {
			isa = XCSwiftPackageProductDependency;
			package = 635C15882AB833E4000C1AF0 /* XCRemoteSwiftPackageReference "Alamofire" */;
			productName = Alamofire;
		};
		635C158C2AB860FD000C1AF0 /* Kingfisher */ = {
			isa = XCSwiftPackageProductDependency;
			package = 635C158B2AB860DE000C1AF0 /* XCRemoteSwiftPackageReference "Kingfisher" */;
			productName = Kingfisher;
		};
		636A681C2A5BF87500F38251 /* ViewComponents */ = {
			isa = XCSwiftPackageProductDependency;
			productName = ViewComponents;
		};
		636A681F2A5BFE0B00F38251 /* App */ = {
			isa = XCSwiftPackageProductDependency;
			productName = App;
		};
		63873F772A20C226002F89B0 /* PopupView */ = {
			isa = XCSwiftPackageProductDependency;
			package = 63873F762A20C226002F89B0 /* XCRemoteSwiftPackageReference "PopupView" */;
			productName = PopupView;
		};
		63873F7C2A249FA0002F89B0 /* ColorKit */ = {
			isa = XCSwiftPackageProductDependency;
			package = 63873F7B2A249FA0002F89B0 /* XCRemoteSwiftPackageReference "ColorKit" */;
			productName = ColorKit;
		};
		63ABB3C42A56790F00273680 /* Debug */ = {
			isa = XCSwiftPackageProductDependency;
			productName = Debug;
		};
		63ABB3C62A56791400273680 /* Pasteboard */ = {
			isa = XCSwiftPackageProductDependency;
			productName = Pasteboard;
		};
		63E8AC062A2998E000ED2064 /* SwiftTheme */ = {
			isa = XCSwiftPackageProductDependency;
			package = 63E8AC052A2998E000ED2064 /* XCRemoteSwiftPackageReference "SwiftTheme" */;
			productName = SwiftTheme;
		};
/* End XCSwiftPackageProductDependency section */
	};
	rootObject = 6349145329FBA30A0036E482 /* Project object */;
}
